// !$*UTF8*$!
{
	archiveVersion = 1;
	classes = {
	};
	objectVersion = 50;
	objects = {

/* Begin PBXBuildFile section */
		3F803A2A222FA1B200A8506B /* AppDelegate.m in Sources */ = {isa = PBXBuildFile; fileRef = 3F803A29222FA1B200A8506B /* AppDelegate.m */; };
		3F803A2D222FA1B200A8506B /* ViewController.m in Sources */ = {isa = PBXBuildFile; fileRef = 3F803A2C222FA1B200A8506B /* ViewController.m */; };
		3F803A30222FA1B200A8506B /* Main.storyboard in Resources */ = {isa = PBXBuildFile; fileRef = 3F803A2E222FA1B200A8506B /* Main.storyboard */; };
		3F803A32222FA1B400A8506B /* Assets.xcassets in Resources */ = {isa = PBXBuildFile; fileRef = 3F803A31222FA1B400A8506B /* Assets.xcassets */; };
		3F803A35222FA1B400A8506B /* LaunchScreen.storyboard in Resources */ = {isa = PBXBuildFile; fileRef = 3F803A33222FA1B400A8506B /* LaunchScreen.storyboard */; };
		3F803A38222FA1B400A8506B /* main.m in Sources */ = {isa = PBXBuildFile; fileRef = 3F803A37222FA1B400A8506B /* main.m */; };
		3F803A42222FA1B400A8506B /* DecoratorPatternDemoTests.m in Sources */ = {isa = PBXBuildFile; fileRef = 3F803A41222FA1B400A8506B /* DecoratorPatternDemoTests.m */; };
		3F803A4D222FA1B400A8506B /* DecoratorPatternDemoUITests.m in Sources */ = {isa = PBXBuildFile; fileRef = 3F803A4C222FA1B400A8506B /* DecoratorPatternDemoUITests.m */; };
		3F803A5C222FA3F200A8506B /* DecoratorViewController.m in Sources */ = {isa = PBXBuildFile; fileRef = 3F803A5B222FA3F200A8506B /* DecoratorViewController.m */; };
		3F803A62222FA81200A8506B /* HouseBlendCoffee.m in Sources */ = {isa = PBXBuildFile; fileRef = 3F803A61222FA81200A8506B /* HouseBlendCoffee.m */; };
		3F803A65222FA89E00A8506B /* DarkRoastCoffee.m in Sources */ = {isa = PBXBuildFile; fileRef = 3F803A64222FA89E00A8506B /* DarkRoastCoffee.m */; };
		3F803A69222FAA6800A8506B /* Milk.m in Sources */ = {isa = PBXBuildFile; fileRef = 3F803A68222FAA6800A8506B /* Milk.m */; };
		3F803A6C222FAB3D00A8506B /* Mocha.m in Sources */ = {isa = PBXBuildFile; fileRef = 3F803A6B222FAB3D00A8506B /* Mocha.m */; };
		3F803A6F222FAB7800A8506B /* Whip.m in Sources */ = {isa = PBXBuildFile; fileRef = 3F803A6E222FAB7800A8506B /* Whip.m */; };
		3F803A72222FABD900A8506B /* CoffeeViewController.m in Sources */ = {isa = PBXBuildFile; fileRef = 3F803A71222FABD900A8506B /* CoffeeViewController.m */; };
		3F803A76222FBD5900A8506B /* HongGuo.m in Sources */ = {isa = PBXBuildFile; fileRef = 3F803A75222FBD5900A8506B /* HongGuo.m */; };
		3F803A79222FBD6900A8506B /* YuanYangGuo.m in Sources */ = {isa = PBXBuildFile; fileRef = 3F803A78222FBD6900A8506B /* YuanYangGuo.m */; };
		3F803A7C222FBEEC00A8506B /* HuoGuoDecorator.m in Sources */ = {isa = PBXBuildFile; fileRef = 3F803A7B222FBEEC00A8506B /* HuoGuoDecorator.m */; };
		3F803A7F222FC08200A8506B /* DouFu.m in Sources */ = {isa = PBXBuildFile; fileRef = 3F803A7E222FC08200A8506B /* DouFu.m */; };
		3F803A82222FC1FF00A8506B /* Niurou.m in Sources */ = {isa = PBXBuildFile; fileRef = 3F803A81222FC1FF00A8506B /* Niurou.m */; };
		3F803A85222FC27700A8506B /* TuDou.m in Sources */ = {isa = PBXBuildFile; fileRef = 3F803A84222FC27700A8506B /* TuDou.m */; };
		3F803A88222FC29D00A8506B /* HuoGuoViewController.m in Sources */ = {isa = PBXBuildFile; fileRef = 3F803A87222FC29D00A8506B /* HuoGuoViewController.m */; };
/* End PBXBuildFile section */

/* Begin PBXContainerItemProxy section */
		3F803A3E222FA1B400A8506B /* PBXContainerItemProxy */ = {
			isa = PBXContainerItemProxy;
			containerPortal = 3F803A1D222FA1B200A8506B /* Project object */;
			proxyType = 1;
			remoteGlobalIDString = 3F803A24222FA1B200A8506B;
			remoteInfo = DecoratorPatternDemo;
		};
		3F803A49222FA1B400A8506B /* PBXContainerItemProxy */ = {
			isa = PBXContainerItemProxy;
			containerPortal = 3F803A1D222FA1B200A8506B /* Project object */;
			proxyType = 1;
			remoteGlobalIDString = 3F803A24222FA1B200A8506B;
			remoteInfo = DecoratorPatternDemo;
		};
/* End PBXContainerItemProxy section */

/* Begin PBXFileReference section */
		3F803A25222FA1B200A8506B /* DecoratorPatternDemo.app */ = {isa = PBXFileReference; explicitFileType = wrapper.application; includeInIndex = 0; path = DecoratorPatternDemo.app; sourceTree = BUILT_PRODUCTS_DIR; };
		3F803A28222FA1B200A8506B /* AppDelegate.h */ = {isa = PBXFileReference; lastKnownFileType = sourcecode.c.h; path = AppDelegate.h; sourceTree = "<group>"; };
		3F803A29222FA1B200A8506B /* AppDelegate.m */ = {isa = PBXFileReference; lastKnownFileType = sourcecode.c.objc; path = AppDelegate.m; sourceTree = "<group>"; };
		3F803A2B222FA1B200A8506B /* ViewController.h */ = {isa = PBXFileReference; lastKnownFileType = sourcecode.c.h; path = ViewController.h; sourceTree = "<group>"; };
		3F803A2C222FA1B200A8506B /* ViewController.m */ = {isa = PBXFileReference; lastKnownFileType = sourcecode.c.objc; path = ViewController.m; sourceTree = "<group>"; };
		3F803A2F222FA1B200A8506B /* Base */ = {isa = PBXFileReference; lastKnownFileType = file.storyboard; name = Base; path = Base.lproj/Main.storyboard; sourceTree = "<group>"; };
		3F803A31222FA1B400A8506B /* Assets.xcassets */ = {isa = PBXFileReference; lastKnownFileType = folder.assetcatalog; path = Assets.xcassets; sourceTree = "<group>"; };
		3F803A34222FA1B400A8506B /* Base */ = {isa = PBXFileReference; lastKnownFileType = file.storyboard; name = Base; path = Base.lproj/LaunchScreen.storyboard; sourceTree = "<group>"; };
		3F803A36222FA1B400A8506B /* Info.plist */ = {isa = PBXFileReference; lastKnownFileType = text.plist.xml; path = Info.plist; sourceTree = "<group>"; };
		3F803A37222FA1B400A8506B /* main.m */ = {isa = PBXFileReference; lastKnownFileType = sourcecode.c.objc; path = main.m; sourceTree = "<group>"; };
		3F803A3D222FA1B400A8506B /* DecoratorPatternDemoTests.xctest */ = {isa = PBXFileReference; explicitFileType = wrapper.cfbundle; includeInIndex = 0; path = DecoratorPatternDemoTests.xctest; sourceTree = BUILT_PRODUCTS_DIR; };
		3F803A41222FA1B400A8506B /* DecoratorPatternDemoTests.m */ = {isa = PBXFileReference; lastKnownFileType = sourcecode.c.objc; path = DecoratorPatternDemoTests.m; sourceTree = "<group>"; };
		3F803A43222FA1B400A8506B /* Info.plist */ = {isa = PBXFileReference; lastKnownFileType = text.plist.xml; path = Info.plist; sourceTree = "<group>"; };
		3F803A48222FA1B400A8506B /* DecoratorPatternDemoUITests.xctest */ = {isa = PBXFileReference; explicitFileType = wrapper.cfbundle; includeInIndex = 0; path = DecoratorPatternDemoUITests.xctest; sourceTree = BUILT_PRODUCTS_DIR; };
		3F803A4C222FA1B400A8506B /* DecoratorPatternDemoUITests.m */ = {isa = PBXFileReference; lastKnownFileType = sourcecode.c.objc; path = DecoratorPatternDemoUITests.m; sourceTree = "<group>"; };
		3F803A4E222FA1B400A8506B /* Info.plist */ = {isa = PBXFileReference; lastKnownFileType = text.plist.xml; path = Info.plist; sourceTree = "<group>"; };
		3F803A5A222FA3F200A8506B /* DecoratorViewController.h */ = {isa = PBXFileReference; lastKnownFileType = sourcecode.c.h; path = DecoratorViewController.h; sourceTree = "<group>"; };
		3F803A5B222FA3F200A8506B /* DecoratorViewController.m */ = {isa = PBXFileReference; lastKnownFileType = sourcecode.c.objc; path = DecoratorViewController.m; sourceTree = "<group>"; };
		3F803A5F222FA79300A8506B /* BeverageProtocol.h */ = {isa = PBXFileReference; lastKnownFileType = sourcecode.c.h; path = BeverageProtocol.h; sourceTree = "<group>"; };
		3F803A60222FA81200A8506B /* HouseBlendCoffee.h */ = {isa = PBXFileReference; lastKnownFileType = sourcecode.c.h; path = HouseBlendCoffee.h; sourceTree = "<group>"; };
		3F803A61222FA81200A8506B /* HouseBlendCoffee.m */ = {isa = PBXFileReference; lastKnownFileType = sourcecode.c.objc; path = HouseBlendCoffee.m; sourceTree = "<group>"; };
		3F803A63222FA89E00A8506B /* DarkRoastCoffee.h */ = {isa = PBXFileReference; lastKnownFileType = sourcecode.c.h; path = DarkRoastCoffee.h; sourceTree = "<group>"; };
		3F803A64222FA89E00A8506B /* DarkRoastCoffee.m */ = {isa = PBXFileReference; lastKnownFileType = sourcecode.c.objc; path = DarkRoastCoffee.m; sourceTree = "<group>"; };
		3F803A66222FA9AD00A8506B /* CondimentDecoratorProtocol.h */ = {isa = PBXFileReference; lastKnownFileType = sourcecode.c.h; path = CondimentDecoratorProtocol.h; sourceTree = "<group>"; };
		3F803A67222FAA6800A8506B /* Milk.h */ = {isa = PBXFileReference; lastKnownFileType = sourcecode.c.h; path = Milk.h; sourceTree = "<group>"; };
		3F803A68222FAA6800A8506B /* Milk.m */ = {isa = PBXFileReference; lastKnownFileType = sourcecode.c.objc; path = Milk.m; sourceTree = "<group>"; };
		3F803A6A222FAB3D00A8506B /* Mocha.h */ = {isa = PBXFileReference; lastKnownFileType = sourcecode.c.h; path = Mocha.h; sourceTree = "<group>"; };
		3F803A6B222FAB3D00A8506B /* Mocha.m */ = {isa = PBXFileReference; lastKnownFileType = sourcecode.c.objc; path = Mocha.m; sourceTree = "<group>"; };
		3F803A6D222FAB7800A8506B /* Whip.h */ = {isa = PBXFileReference; lastKnownFileType = sourcecode.c.h; path = Whip.h; sourceTree = "<group>"; };
		3F803A6E222FAB7800A8506B /* Whip.m */ = {isa = PBXFileReference; lastKnownFileType = sourcecode.c.objc; path = Whip.m; sourceTree = "<group>"; };
		3F803A70222FABD900A8506B /* CoffeeViewController.h */ = {isa = PBXFileReference; lastKnownFileType = sourcecode.c.h; path = CoffeeViewController.h; sourceTree = "<group>"; };
		3F803A71222FABD900A8506B /* CoffeeViewController.m */ = {isa = PBXFileReference; lastKnownFileType = sourcecode.c.objc; path = CoffeeViewController.m; sourceTree = "<group>"; };
		3F803A73222FBD0D00A8506B /* HuoGuoProtocol.h */ = {isa = PBXFileReference; lastKnownFileType = sourcecode.c.h; path = HuoGuoProtocol.h; sourceTree = "<group>"; };
		3F803A74222FBD5900A8506B /* HongGuo.h */ = {isa = PBXFileReference; lastKnownFileType = sourcecode.c.h; path = HongGuo.h; sourceTree = "<group>"; };
		3F803A75222FBD5900A8506B /* HongGuo.m */ = {isa = PBXFileReference; lastKnownFileType = sourcecode.c.objc; path = HongGuo.m; sourceTree = "<group>"; };
		3F803A77222FBD6900A8506B /* YuanYangGuo.h */ = {isa = PBXFileReference; lastKnownFileType = sourcecode.c.h; path = YuanYangGuo.h; sourceTree = "<group>"; };
		3F803A78222FBD6900A8506B /* YuanYangGuo.m */ = {isa = PBXFileReference; lastKnownFileType = sourcecode.c.objc; path = YuanYangGuo.m; sourceTree = "<group>"; };
		3F803A7A222FBEEC00A8506B /* HuoGuoDecorator.h */ = {isa = PBXFileReference; lastKnownFileType = sourcecode.c.h; path = HuoGuoDecorator.h; sourceTree = "<group>"; };
		3F803A7B222FBEEC00A8506B /* HuoGuoDecorator.m */ = {isa = PBXFileReference; lastKnownFileType = sourcecode.c.objc; path = HuoGuoDecorator.m; sourceTree = "<group>"; };
		3F803A7D222FC08200A8506B /* DouFu.h */ = {isa = PBXFileReference; lastKnownFileType = sourcecode.c.h; path = DouFu.h; sourceTree = "<group>"; };
		3F803A7E222FC08200A8506B /* DouFu.m */ = {isa = PBXFileReference; lastKnownFileType = sourcecode.c.objc; path = DouFu.m; sourceTree = "<group>"; };
		3F803A80222FC1FF00A8506B /* Niurou.h */ = {isa = PBXFileReference; lastKnownFileType = sourcecode.c.h; path = Niurou.h; sourceTree = "<group>"; };
		3F803A81222FC1FF00A8506B /* Niurou.m */ = {isa = PBXFileReference; lastKnownFileType = sourcecode.c.objc; path = Niurou.m; sourceTree = "<group>"; };
		3F803A83222FC27700A8506B /* TuDou.h */ = {isa = PBXFileReference; lastKnownFileType = sourcecode.c.h; path = TuDou.h; sourceTree = "<group>"; };
		3F803A84222FC27700A8506B /* TuDou.m */ = {isa = PBXFileReference; lastKnownFileType = sourcecode.c.objc; path = TuDou.m; sourceTree = "<group>"; };
		3F803A86222FC29D00A8506B /* HuoGuoViewController.h */ = {isa = PBXFileReference; lastKnownFileType = sourcecode.c.h; path = HuoGuoViewController.h; sourceTree = "<group>"; };
		3F803A87222FC29D00A8506B /* HuoGuoViewController.m */ = {isa = PBXFileReference; lastKnownFileType = sourcecode.c.objc; path = HuoGuoViewController.m; sourceTree = "<group>"; };
/* End PBXFileReference section */

/* Begin PBXFrameworksBuildPhase section */
		3F803A22222FA1B200A8506B /* Frameworks */ = {
			isa = PBXFrameworksBuildPhase;
			buildActionMask = 2147483647;
			files = (
			);
			runOnlyForDeploymentPostprocessing = 0;
		};
		3F803A3A222FA1B400A8506B /* Frameworks */ = {
			isa = PBXFrameworksBuildPhase;
			buildActionMask = 2147483647;
			files = (
			);
			runOnlyForDeploymentPostprocessing = 0;
		};
		3F803A45222FA1B400A8506B /* Frameworks */ = {
			isa = PBXFrameworksBuildPhase;
			buildActionMask = 2147483647;
			files = (
			);
			runOnlyForDeploymentPostprocessing = 0;
		};
/* End PBXFrameworksBuildPhase section */

/* Begin PBXGroup section */
		3F803A1C222FA1B200A8506B = {
			isa = PBXGroup;
			children = (
				3F803A27222FA1B200A8506B /* DecoratorPatternDemo */,
				3F803A40222FA1B400A8506B /* DecoratorPatternDemoTests */,
				3F803A4B222FA1B400A8506B /* DecoratorPatternDemoUITests */,
				3F803A26222FA1B200A8506B /* Products */,
			);
			sourceTree = "<group>";
		};
		3F803A26222FA1B200A8506B /* Products */ = {
			isa = PBXGroup;
			children = (
				3F803A25222FA1B200A8506B /* DecoratorPatternDemo.app */,
				3F803A3D222FA1B400A8506B /* DecoratorPatternDemoTests.xctest */,
				3F803A48222FA1B400A8506B /* DecoratorPatternDemoUITests.xctest */,
			);
			name = Products;
			sourceTree = "<group>";
		};
		3F803A27222FA1B200A8506B /* DecoratorPatternDemo */ = {
			isa = PBXGroup;
			children = (
				3F803A5E222FA43700A8506B /* coffee */,
				3F803A5D222FA43700A8506B /* huoguo */,
				3F803A28222FA1B200A8506B /* AppDelegate.h */,
				3F803A29222FA1B200A8506B /* AppDelegate.m */,
				3F803A2B222FA1B200A8506B /* ViewController.h */,
				3F803A2C222FA1B200A8506B /* ViewController.m */,
				3F803A2E222FA1B200A8506B /* Main.storyboard */,
				3F803A31222FA1B400A8506B /* Assets.xcassets */,
				3F803A33222FA1B400A8506B /* LaunchScreen.storyboard */,
				3F803A36222FA1B400A8506B /* Info.plist */,
				3F803A37222FA1B400A8506B /* main.m */,
				3F803A5A222FA3F200A8506B /* DecoratorViewController.h */,
				3F803A5B222FA3F200A8506B /* DecoratorViewController.m */,
			);
			path = DecoratorPatternDemo;
			sourceTree = "<group>";
		};
		3F803A40222FA1B400A8506B /* DecoratorPatternDemoTests */ = {
			isa = PBXGroup;
			children = (
				3F803A41222FA1B400A8506B /* DecoratorPatternDemoTests.m */,
				3F803A43222FA1B400A8506B /* Info.plist */,
			);
			path = DecoratorPatternDemoTests;
			sourceTree = "<group>";
		};
		3F803A4B222FA1B400A8506B /* DecoratorPatternDemoUITests */ = {
			isa = PBXGroup;
			children = (
				3F803A4C222FA1B400A8506B /* DecoratorPatternDemoUITests.m */,
				3F803A4E222FA1B400A8506B /* Info.plist */,
			);
			path = DecoratorPatternDemoUITests;
			sourceTree = "<group>";
		};
		3F803A5D222FA43700A8506B /* huoguo */ = {
			isa = PBXGroup;
			children = (
				3F803A73222FBD0D00A8506B /* HuoGuoProtocol.h */,
				3F803A74222FBD5900A8506B /* HongGuo.h */,
				3F803A75222FBD5900A8506B /* HongGuo.m */,
				3F803A77222FBD6900A8506B /* YuanYangGuo.h */,
				3F803A78222FBD6900A8506B /* YuanYangGuo.m */,
				3F803A7A222FBEEC00A8506B /* HuoGuoDecorator.h */,
				3F803A7B222FBEEC00A8506B /* HuoGuoDecorator.m */,
				3F803A7D222FC08200A8506B /* DouFu.h */,
				3F803A7E222FC08200A8506B /* DouFu.m */,
				3F803A80222FC1FF00A8506B /* Niurou.h */,
				3F803A81222FC1FF00A8506B /* Niurou.m */,
				3F803A83222FC27700A8506B /* TuDou.h */,
				3F803A84222FC27700A8506B /* TuDou.m */,
				3F803A86222FC29D00A8506B /* HuoGuoViewController.h */,
				3F803A87222FC29D00A8506B /* HuoGuoViewController.m */,
			);
			path = huoguo;
			sourceTree = "<group>";
		};
		3F803A5E222FA43700A8506B /* coffee */ = {
			isa = PBXGroup;
			children = (
				3F803A5F222FA79300A8506B /* BeverageProtocol.h */,
				3F803A60222FA81200A8506B /* HouseBlendCoffee.h */,
				3F803A61222FA81200A8506B /* HouseBlendCoffee.m */,
				3F803A63222FA89E00A8506B /* DarkRoastCoffee.h */,
				3F803A64222FA89E00A8506B /* DarkRoastCoffee.m */,
				3F803A66222FA9AD00A8506B /* CondimentDecoratorProtocol.h */,
				3F803A67222FAA6800A8506B /* Milk.h */,
				3F803A68222FAA6800A8506B /* Milk.m */,
				3F803A6A222FAB3D00A8506B /* Mocha.h */,
				3F803A6B222FAB3D00A8506B /* Mocha.m */,
				3F803A6D222FAB7800A8506B /* Whip.h */,
				3F803A6E222FAB7800A8506B /* Whip.m */,
				3F803A70222FABD900A8506B /* CoffeeViewController.h */,
				3F803A71222FABD900A8506B /* CoffeeViewController.m */,
			);
			path = coffee;
			sourceTree = "<group>";
		};
/* End PBXGroup section */

/* Begin PBXNativeTarget section */
		3F803A24222FA1B200A8506B /* DecoratorPatternDemo */ = {
			isa = PBXNativeTarget;
			buildConfigurationList = 3F803A51222FA1B400A8506B /* Build configuration list for PBXNativeTarget "DecoratorPatternDemo" */;
			buildPhases = (
				3F803A21222FA1B200A8506B /* Sources */,
				3F803A22222FA1B200A8506B /* Frameworks */,
				3F803A23222FA1B200A8506B /* Resources */,
			);
			buildRules = (
			);
			dependencies = (
			);
			name = DecoratorPatternDemo;
			productName = DecoratorPatternDemo;
			productReference = 3F803A25222FA1B200A8506B /* DecoratorPatternDemo.app */;
			productType = "com.apple.product-type.application";
		};
		3F803A3C222FA1B400A8506B /* DecoratorPatternDemoTests */ = {
			isa = PBXNativeTarget;
			buildConfigurationList = 3F803A54222FA1B400A8506B /* Build configuration list for PBXNativeTarget "DecoratorPatternDemoTests" */;
			buildPhases = (
				3F803A39222FA1B400A8506B /* Sources */,
				3F803A3A222FA1B400A8506B /* Frameworks */,
				3F803A3B222FA1B400A8506B /* Resources */,
			);
			buildRules = (
			);
			dependencies = (
				3F803A3F222FA1B400A8506B /* PBXTargetDependency */,
			);
			name = DecoratorPatternDemoTests;
			productName = DecoratorPatternDemoTests;
			productReference = 3F803A3D222FA1B400A8506B /* DecoratorPatternDemoTests.xctest */;
			productType = "com.apple.product-type.bundle.unit-test";
		};
		3F803A47222FA1B400A8506B /* DecoratorPatternDemoUITests */ = {
			isa = PBXNativeTarget;
			buildConfigurationList = 3F803A57222FA1B400A8506B /* Build configuration list for PBXNativeTarget "DecoratorPatternDemoUITests" */;
			buildPhases = (
				3F803A44222FA1B400A8506B /* Sources */,
				3F803A45222FA1B400A8506B /* Frameworks */,
				3F803A46222FA1B400A8506B /* Resources */,
			);
			buildRules = (
			);
			dependencies = (
				3F803A4A222FA1B400A8506B /* PBXTargetDependency */,
			);
			name = DecoratorPatternDemoUITests;
			productName = DecoratorPatternDemoUITests;
			productReference = 3F803A48222FA1B400A8506B /* DecoratorPatternDemoUITests.xctest */;
			productType = "com.apple.product-type.bundle.ui-testing";
		};
/* End PBXNativeTarget section */

/* Begin PBXProject section */
		3F803A1D222FA1B200A8506B /* Project object */ = {
			isa = PBXProject;
			attributes = {
				LastUpgradeCheck = 1010;
				ORGANIZATIONNAME = rockonterol;
				TargetAttributes = {
					3F803A24222FA1B200A8506B = {
						CreatedOnToolsVersion = 10.1;
					};
					3F803A3C222FA1B400A8506B = {
						CreatedOnToolsVersion = 10.1;
						TestTargetID = 3F803A24222FA1B200A8506B;
					};
					3F803A47222FA1B400A8506B = {
						CreatedOnToolsVersion = 10.1;
						TestTargetID = 3F803A24222FA1B200A8506B;
					};
				};
			};
			buildConfigurationList = 3F803A20222FA1B200A8506B /* Build configuration list for PBXProject "DecoratorPatternDemo" */;
			compatibilityVersion = "Xcode 9.3";
			developmentRegion = en;
			hasScannedForEncodings = 0;
			knownRegions = (
				en,
				Base,
			);
			mainGroup = 3F803A1C222FA1B200A8506B;
			productRefGroup = 3F803A26222FA1B200A8506B /* Products */;
			projectDirPath = "";
			projectRoot = "";
			targets = (
				3F803A24222FA1B200A8506B /* DecoratorPatternDemo */,
				3F803A3C222FA1B400A8506B /* DecoratorPatternDemoTests */,
				3F803A47222FA1B400A8506B /* DecoratorPatternDemoUITests */,
			);
		};
/* End PBXProject section */

/* Begin PBXResourcesBuildPhase section */
		3F803A23222FA1B200A8506B /* Resources */ = {
			isa = PBXResourcesBuildPhase;
			buildActionMask = 2147483647;
			files = (
				3F803A35222FA1B400A8506B /* LaunchScreen.storyboard in Resources */,
				3F803A32222FA1B400A8506B /* Assets.xcassets in Resources */,
				3F803A30222FA1B200A8506B /* Main.storyboard in Resources */,
			);
			runOnlyForDeploymentPostprocessing = 0;
		};
		3F803A3B222FA1B400A8506B /* Resources */ = {
			isa = PBXResourcesBuildPhase;
			buildActionMask = 2147483647;
			files = (
			);
			runOnlyForDeploymentPostprocessing = 0;
		};
		3F803A46222FA1B400A8506B /* Resources */ = {
			isa = PBXResourcesBuildPhase;
			buildActionMask = 2147483647;
			files = (
			);
			runOnlyForDeploymentPostprocessing = 0;
		};
/* End PBXResourcesBuildPhase section */

/* Begin PBXSourcesBuildPhase section */
		3F803A21222FA1B200A8506B /* Sources */ = {
			isa = PBXSourcesBuildPhase;
			buildActionMask = 2147483647;
			files = (
				3F803A72222FABD900A8506B /* CoffeeViewController.m in Sources */,
				3F803A7C222FBEEC00A8506B /* HuoGuoDecorator.m in Sources */,
				3F803A76222FBD5900A8506B /* HongGuo.m in Sources */,
				3F803A85222FC27700A8506B /* TuDou.m in Sources */,
				3F803A2D222FA1B200A8506B /* ViewController.m in Sources */,
				3F803A79222FBD6900A8506B /* YuanYangGuo.m in Sources */,
				3F803A65222FA89E00A8506B /* DarkRoastCoffee.m in Sources */,
				3F803A6C222FAB3D00A8506B /* Mocha.m in Sources */,
				3F803A7F222FC08200A8506B /* DouFu.m in Sources */,
				3F803A88222FC29D00A8506B /* HuoGuoViewController.m in Sources */,
				3F803A82222FC1FF00A8506B /* Niurou.m in Sources */,
				3F803A6F222FAB7800A8506B /* Whip.m in Sources */,
				3F803A38222FA1B400A8506B /* main.m in Sources */,
				3F803A5C222FA3F200A8506B /* DecoratorViewController.m in Sources */,
				3F803A69222FAA6800A8506B /* Milk.m in Sources */,
				3F803A62222FA81200A8506B /* HouseBlendCoffee.m in Sources */,
				3F803A2A222FA1B200A8506B /* AppDelegate.m in Sources */,
			);
			runOnlyForDeploymentPostprocessing = 0;
		};
		3F803A39222FA1B400A8506B /* Sources */ = {
			isa = PBXSourcesBuildPhase;
			buildActionMask = 2147483647;
			files = (
				3F803A42222FA1B400A8506B /* DecoratorPatternDemoTests.m in Sources */,
			);
			runOnlyForDeploymentPostprocessing = 0;
		};
		3F803A44222FA1B400A8506B /* Sources */ = {
			isa = PBXSourcesBuildPhase;
			buildActionMask = 2147483647;
			files = (
				3F803A4D222FA1B400A8506B /* DecoratorPatternDemoUITests.m in Sources */,
			);
			runOnlyForDeploymentPostprocessing = 0;
		};
/* End PBXSourcesBuildPhase section */

/* Begin PBXTargetDependency section */
		3F803A3F222FA1B400A8506B /* PBXTargetDependency */ = {
			isa = PBXTargetDependency;
			target = 3F803A24222FA1B200A8506B /* DecoratorPatternDemo */;
			targetProxy = 3F803A3E222FA1B400A8506B /* PBXContainerItemProxy */;
		};
		3F803A4A222FA1B400A8506B /* PBXTargetDependency */ = {
			isa = PBXTargetDependency;
			target = 3F803A24222FA1B200A8506B /* DecoratorPatternDemo */;
			targetProxy = 3F803A49222FA1B400A8506B /* PBXContainerItemProxy */;
		};
/* End PBXTargetDependency section */

/* Begin PBXVariantGroup section */
		3F803A2E222FA1B200A8506B /* Main.storyboard */ = {
			isa = PBXVariantGroup;
			children = (
				3F803A2F222FA1B200A8506B /* Base */,
			);
			name = Main.storyboard;
			sourceTree = "<group>";
		};
		3F803A33222FA1B400A8506B /* LaunchScreen.storyboard */ = {
			isa = PBXVariantGroup;
			children = (
				3F803A34222FA1B400A8506B /* Base */,
			);
			name = LaunchScreen.storyboard;
			sourceTree = "<group>";
		};
/* End PBXVariantGroup section */

/* Begin XCBuildConfiguration section */
		3F803A4F222FA1B400A8506B /* Debug */ = {
			isa = XCBuildConfiguration;
			buildSettings = {
				ALWAYS_SEARCH_USER_PATHS = NO;
				CLANG_ANALYZER_NONNULL = YES;
				CLANG_ANALYZER_NUMBER_OBJECT_CONVERSION = YES_AGGRESSIVE;
				CLANG_CXX_LANGUAGE_STANDARD = "gnu++14";
				CLANG_CXX_LIBRARY = "libc++";
				CLANG_ENABLE_MODULES = YES;
				CLANG_ENABLE_OBJC_ARC = YES;
				CLANG_ENABLE_OBJC_WEAK = YES;
				CLANG_WARN_BLOCK_CAPTURE_AUTORELEASING = YES;
				CLANG_WARN_BOOL_CONVERSION = YES;
				CLANG_WARN_COMMA = YES;
				CLANG_WARN_CONSTANT_CONVERSION = YES;
				CLANG_WARN_DEPRECATED_OBJC_IMPLEMENTATIONS = YES;
				CLANG_WARN_DIRECT_OBJC_ISA_USAGE = YES_ERROR;
				CLANG_WARN_DOCUMENTATION_COMMENTS = YES;
				CLANG_WARN_EMPTY_BODY = YES;
				CLANG_WARN_ENUM_CONVERSION = YES;
				CLANG_WARN_INFINITE_RECURSION = YES;
				CLANG_WARN_INT_CONVERSION = YES;
				CLANG_WARN_NON_LITERAL_NULL_CONVERSION = YES;
				CLANG_WARN_OBJC_IMPLICIT_RETAIN_SELF = YES;
				CLANG_WARN_OBJC_LITERAL_CONVERSION = YES;
				CLANG_WARN_OBJC_ROOT_CLASS = YES_ERROR;
				CLANG_WARN_RANGE_LOOP_ANALYSIS = YES;
				CLANG_WARN_STRICT_PROTOTYPES = YES;
				CLANG_WARN_SUSPICIOUS_MOVE = YES;
				CLANG_WARN_UNGUARDED_AVAILABILITY = YES_AGGRESSIVE;
				CLANG_WARN_UNREACHABLE_CODE = YES;
				CLANG_WARN__DUPLICATE_METHOD_MATCH = YES;
				CODE_SIGN_IDENTITY = "iPhone Developer";
				COPY_PHASE_STRIP = NO;
				DEBUG_INFORMATION_FORMAT = dwarf;
				ENABLE_STRICT_OBJC_MSGSEND = YES;
				ENABLE_TESTABILITY = YES;
				GCC_C_LANGUAGE_STANDARD = gnu11;
				GCC_DYNAMIC_NO_PIC = NO;
				GCC_NO_COMMON_BLOCKS = YES;
				GCC_OPTIMIZATION_LEVEL = 0;
				GCC_PREPROCESSOR_DEFINITIONS = (
					"DEBUG=1",
					"$(inherited)",
				);
				GCC_WARN_64_TO_32_BIT_CONVERSION = YES;
				GCC_WARN_ABOUT_RETURN_TYPE = YES_ERROR;
				GCC_WARN_UNDECLARED_SELECTOR = YES;
				GCC_WARN_UNINITIALIZED_AUTOS = YES_AGGRESSIVE;
				GCC_WARN_UNUSED_FUNCTION = YES;
				GCC_WARN_UNUSED_VARIABLE = YES;
				IPHONEOS_DEPLOYMENT_TARGET = 12.1;
				MTL_ENABLE_DEBUG_INFO = INCLUDE_SOURCE;
				MTL_FAST_MATH = YES;
				ONLY_ACTIVE_ARCH = YES;
				SDKROOT = iphoneos;
			};
			name = Debug;
		};
		3F803A50222FA1B400A8506B /* Release */ = {
			isa = XCBuildConfiguration;
			buildSettings = {
				ALWAYS_SEARCH_USER_PATHS = NO;
				CLANG_ANALYZER_NONNULL = YES;
				CLANG_ANALYZER_NUMBER_OBJECT_CONVERSION = YES_AGGRESSIVE;
				CLANG_CXX_LANGUAGE_STANDARD = "gnu++14";
				CLANG_CXX_LIBRARY = "libc++";
				CLANG_ENABLE_MODULES = YES;
				CLANG_ENABLE_OBJC_ARC = YES;
				CLANG_ENABLE_OBJC_WEAK = YES;
				CLANG_WARN_BLOCK_CAPTURE_AUTORELEASING = YES;
				CLANG_WARN_BOOL_CONVERSION = YES;
				CLANG_WARN_COMMA = YES;
				CLANG_WARN_CONSTANT_CONVERSION = YES;
				CLANG_WARN_DEPRECATED_OBJC_IMPLEMENTATIONS = YES;
				CLANG_WARN_DIRECT_OBJC_ISA_USAGE = YES_ERROR;
				CLANG_WARN_DOCUMENTATION_COMMENTS = YES;
				CLANG_WARN_EMPTY_BODY = YES;
				CLANG_WARN_ENUM_CONVERSION = YES;
				CLANG_WARN_INFINITE_RECURSION = YES;
				CLANG_WARN_INT_CONVERSION = YES;
				CLANG_WARN_NON_LITERAL_NULL_CONVERSION = YES;
				CLANG_WARN_OBJC_IMPLICIT_RETAIN_SELF = YES;
				CLANG_WARN_OBJC_LITERAL_CONVERSION = YES;
				CLANG_WARN_OBJC_ROOT_CLASS = YES_ERROR;
				CLANG_WARN_RANGE_LOOP_ANALYSIS = YES;
				CLANG_WARN_STRICT_PROTOTYPES = YES;
				CLANG_WARN_SUSPICIOUS_MOVE = YES;
				CLANG_WARN_UNGUARDED_AVAILABILITY = YES_AGGRESSIVE;
				CLANG_WARN_UNREACHABLE_CODE = YES;
				CLANG_WARN__DUPLICATE_METHOD_MATCH = YES;
				CODE_SIGN_IDENTITY = "iPhone Developer";
				COPY_PHASE_STRIP = NO;
				DEBUG_INFORMATION_FORMAT = "dwarf-with-dsym";
				ENABLE_NS_ASSERTIONS = NO;
				ENABLE_STRICT_OBJC_MSGSEND = YES;
				GCC_C_LANGUAGE_STANDARD = gnu11;
				GCC_NO_COMMON_BLOCKS = YES;
				GCC_WARN_64_TO_32_BIT_CONVERSION = YES;
				GCC_WARN_ABOUT_RETURN_TYPE = YES_ERROR;
				GCC_WARN_UNDECLARED_SELECTOR = YES;
				GCC_WARN_UNINITIALIZED_AUTOS = YES_AGGRESSIVE;
				GCC_WARN_UNUSED_FUNCTION = YES;
				GCC_WARN_UNUSED_VARIABLE = YES;
				IPHONEOS_DEPLOYMENT_TARGET = 12.1;
				MTL_ENABLE_DEBUG_INFO = NO;
				MTL_FAST_MATH = YES;
				SDKROOT = iphoneos;
				VALIDATE_PRODUCT = YES;
			};
			name = Release;
		};
		3F803A52222FA1B400A8506B /* Debug */ = {
			isa = XCBuildConfiguration;
			buildSettings = {
				ASSETCATALOG_COMPILER_APPICON_NAME = AppIcon;
				CODE_SIGN_STYLE = Manual;
				DEVELOPMENT_TEAM = "";
				INFOPLIST_FILE = DecoratorPatternDemo/Info.plist;
				LD_RUNPATH_SEARCH_PATHS = (
					"$(inherited)",
					"@executable_path/Frameworks",
				);
				PRODUCT_BUNDLE_IDENTIFIER = com.DecoratorPatternDemo;
				PRODUCT_NAME = "$(TARGET_NAME)";
				PROVISIONING_PROFILE_SPECIFIER = "";
				TARGETED_DEVICE_FAMILY = "1,2";
			};
			name = Debug;
		};
		3F803A53222FA1B400A8506B /* Release */ = {
			isa = XCBuildConfiguration;
			buildSettings = {
				ASSETCATALOG_COMPILER_APPICON_NAME = AppIcon;
				CODE_SIGN_STYLE = Manual;
				DEVELOPMENT_TEAM = "";
				INFOPLIST_FILE = DecoratorPatternDemo/Info.plist;
				LD_RUNPATH_SEARCH_PATHS = (
					"$(inherited)",
					"@executable_path/Frameworks",
				);
				PRODUCT_BUNDLE_IDENTIFIER = com.DecoratorPatternDemo;
				PRODUCT_NAME = "$(TARGET_NAME)";
				PROVISIONING_PROFILE_SPECIFIER = "";
				TARGETED_DEVICE_FAMILY = "1,2";
			};
			name = Release;
		};
		3F803A55222FA1B400A8506B /* Debug */ = {
			isa = XCBuildConfiguration;
			buildSettings = {
				BUNDLE_LOADER = "$(TEST_HOST)";
				CODE_SIGN_STYLE = Automatic;
				INFOPLIST_FILE = DecoratorPatternDemoTests/Info.plist;
				LD_RUNPATH_SEARCH_PATHS = (
					"$(inherited)",
					"@executable_path/Frameworks",
					"@loader_path/Frameworks",
				);
				PRODUCT_BUNDLE_IDENTIFIER = com.DecoratorPatternDemoTests;
				PRODUCT_NAME = "$(TARGET_NAME)";
				TARGETED_DEVICE_FAMILY = "1,2";
				TEST_HOST = "$(BUILT_PRODUCTS_DIR)/DecoratorPatternDemo.app/DecoratorPatternDemo";
			};
			name = Debug;
		};
		3F803A56222FA1B400A8506B /* Release */ = {
			isa = XCBuildConfiguration;
			buildSettings = {
				BUNDLE_LOADER = "$(TEST_HOST)";
				CODE_SIGN_STYLE = Automatic;
				INFOPLIST_FILE = DecoratorPatternDemoTests/Info.plist;
				LD_RUNPATH_SEARCH_PATHS = (
					"$(inherited)",
					"@executable_path/Frameworks",
					"@loader_path/Frameworks",
				);
				PRODUCT_BUNDLE_IDENTIFIER = com.DecoratorPatternDemoTests;
				PRODUCT_NAME = "$(TARGET_NAME)";
				TARGETED_DEVICE_FAMILY = "1,2";
				TEST_HOST = "$(BUILT_PRODUCTS_DIR)/DecoratorPatternDemo.app/DecoratorPatternDemo";
			};
			name = Release;
		};
		3F803A58222FA1B400A8506B /* Debug */ = {
			isa = XCBuildConfiguration;
			buildSettings = {
				CODE_SIGN_STYLE = Automatic;
				INFOPLIST_FILE = DecoratorPatternDemoUITests/Info.plist;
				LD_RUNPATH_SEARCH_PATHS = (
					"$(inherited)",
					"@executable_path/Frameworks",
					"@loader_path/Frameworks",
				);
				PRODUCT_BUNDLE_IDENTIFIER = com.DecoratorPatternDemoUITests;
				PRODUCT_NAME = "$(TARGET_NAME)";
				TARGETED_DEVICE_FAMILY = "1,2";
				TEST_TARGET_NAME = DecoratorPatternDemo;
			};
			name = Debug;
		};
		3F803A59222FA1B400A8506B /* Release */ = {
			isa = XCBuildConfiguration;
			buildSettings = {
				CODE_SIGN_STYLE = Automatic;
				INFOPLIST_FILE = DecoratorPatternDemoUITests/Info.plist;
				LD_RUNPATH_SEARCH_PATHS = (
					"$(inherited)",
					"@executable_path/Frameworks",
					"@loader_path/Frameworks",
				);
				PRODUCT_BUNDLE_IDENTIFIER = com.DecoratorPatternDemoUITests;
				PRODUCT_NAME = "$(TARGET_NAME)";
				TARGETED_DEVICE_FAMILY = "1,2";
				TEST_TARGET_NAME = DecoratorPatternDemo;
			};
			name = Release;
		};
/* End XCBuildConfiguration section */

/* Begin XCConfigurationList section */
		3F803A20222FA1B200A8506B /* Build configuration list for PBXProject "DecoratorPatternDemo" */ = {
			isa = XCConfigurationList;
			buildConfigurations = (
				3F803A4F222FA1B400A8506B /* Debug */,
				3F803A50222FA1B400A8506B /* Release */,
			);
			defaultConfigurationIsVisible = 0;
			defaultConfigurationName = Release;
		};
		3F803A51222FA1B400A8506B /* Build configuration list for PBXNativeTarget "DecoratorPatternDemo" */ = {
			isa = XCConfigurationList;
			buildConfigurations = (
				3F803A52222FA1B400A8506B /* Debug */,
				3F803A53222FA1B400A8506B /* Release */,
			);
			defaultConfigurationIsVisible = 0;
			defaultConfigurationName = Release;
		};
		3F803A54222FA1B400A8506B /* Build configuration list for PBXNativeTarget "DecoratorPatternDemoTests" */ = {
			isa = XCConfigurationList;
			buildConfigurations = (
				3F803A55222FA1B400A8506B /* Debug */,
				3F803A56222FA1B400A8506B /* Release */,
			);
			defaultConfigurationIsVisible = 0;
			defaultConfigurationName = Release;
		};
		3F803A57222FA1B400A8506B /* Build configuration list for PBXNativeTarget "DecoratorPatternDemoUITests" */ = {
			isa = XCConfigurationList;
			buildConfigurations = (
				3F803A58222FA1B400A8506B /* Debug */,
				3F803A59222FA1B400A8506B /* Release */,
			);
			defaultConfigurationIsVisible = 0;
			defaultConfigurationName = Release;
		};
/* End XCConfigurationList section */
	};
	rootObject = 3F803A1D222FA1B200A8506B /* Project object */;
}
