// !$*UTF8*$!
{
	archiveVersion = 1;
	classes = {
	};
	objectVersion = 50;
	objects = {

/* Begin PBXBuildFile section */
		2C3FAC8406DDC029C3A32FC4 /* libPods-AdapterPatternDemoTests.a in Frameworks */ = {isa = PBXBuildFile; fileRef = 933CDADC19817F8CD9EE6572 /* libPods-AdapterPatternDemoTests.a */; };
		3F803964222D19BA00A8506B /* AppDelegate.m in Sources */ = {isa = PBXBuildFile; fileRef = 3F803963222D19BA00A8506B /* AppDelegate.m */; };
		3F803967222D19BA00A8506B /* ViewController.m in Sources */ = {isa = PBXBuildFile; fileRef = 3F803966222D19BA00A8506B /* ViewController.m */; };
		3F80396A222D19BA00A8506B /* Main.storyboard in Resources */ = {isa = PBXBuildFile; fileRef = 3F803968222D19BA00A8506B /* Main.storyboard */; };
		3F80396C222D19BB00A8506B /* Assets.xcassets in Resources */ = {isa = PBXBuildFile; fileRef = 3F80396B222D19BB00A8506B /* Assets.xcassets */; };
		3F80396F222D19BB00A8506B /* LaunchScreen.storyboard in Resources */ = {isa = PBXBuildFile; fileRef = 3F80396D222D19BB00A8506B /* LaunchScreen.storyboard */; };
		3F803972222D19BB00A8506B /* main.m in Sources */ = {isa = PBXBuildFile; fileRef = 3F803971222D19BB00A8506B /* main.m */; };
		3F80397C222D19BB00A8506B /* AdapterPatternDemoTests.m in Sources */ = {isa = PBXBuildFile; fileRef = 3F80397B222D19BB00A8506B /* AdapterPatternDemoTests.m */; };
		3F803987222D19BB00A8506B /* AdapterPatternDemoUITests.m in Sources */ = {isa = PBXBuildFile; fileRef = 3F803986222D19BB00A8506B /* AdapterPatternDemoUITests.m */; };
		3F80399A222D1E6A00A8506B /* VideoPlayer.m in Sources */ = {isa = PBXBuildFile; fileRef = 3F803999222D1E6A00A8506B /* VideoPlayer.m */; };
		3F80399D222D1F7100A8506B /* IJKMediaPlayer.m in Sources */ = {isa = PBXBuildFile; fileRef = 3F80399C222D1F7100A8506B /* IJKMediaPlayer.m */; };
		3F8039A0222D207200A8506B /* IJKMediaPlayerClassAdapter.m in Sources */ = {isa = PBXBuildFile; fileRef = 3F80399F222D207200A8506B /* IJKMediaPlayerClassAdapter.m */; };
		3F8039A3222D2AE100A8506B /* IJKMediaPlayerObjAdapter.m in Sources */ = {isa = PBXBuildFile; fileRef = 3F8039A2222D2AE100A8506B /* IJKMediaPlayerObjAdapter.m */; };
		3F8039A7222D304500A8506B /* AudioPlayer.m in Sources */ = {isa = PBXBuildFile; fileRef = 3F8039A6222D304500A8506B /* AudioPlayer.m */; };
		3F8039AA222D312500A8506B /* VideoPlayerViewController.m in Sources */ = {isa = PBXBuildFile; fileRef = 3F8039A9222D312500A8506B /* VideoPlayerViewController.m */; };
		3F8039AD222D352400A8506B /* MultiAudioPlayer.m in Sources */ = {isa = PBXBuildFile; fileRef = 3F8039AC222D352400A8506B /* MultiAudioPlayer.m */; };
		3F8039B0222D35F400A8506B /* Mp4AudioPlayer.m in Sources */ = {isa = PBXBuildFile; fileRef = 3F8039AF222D35F400A8506B /* Mp4AudioPlayer.m */; };
		3F8039B3222D360800A8506B /* VLCAudioPlayer.m in Sources */ = {isa = PBXBuildFile; fileRef = 3F8039B2222D360800A8506B /* VLCAudioPlayer.m */; };
		3F8039B6222D364F00A8506B /* ObjMultiAudioPlayerAdapter.m in Sources */ = {isa = PBXBuildFile; fileRef = 3F8039B5222D364F00A8506B /* ObjMultiAudioPlayerAdapter.m */; };
		3F8039B9222D390E00A8506B /* ClassMultiAudioPlayerAdapter.m in Sources */ = {isa = PBXBuildFile; fileRef = 3F8039B8222D390E00A8506B /* ClassMultiAudioPlayerAdapter.m */; };
		3F8039BC222D396200A8506B /* MediaViewController.m in Sources */ = {isa = PBXBuildFile; fileRef = 3F8039BB222D396200A8506B /* MediaViewController.m */; };
		3F8039C0222D6FC500A8506B /* SettingTableViewCell.m in Sources */ = {isa = PBXBuildFile; fileRef = 3F8039BF222D6FC500A8506B /* SettingTableViewCell.m */; };
		3F8039C2222D72B100A8506B /* left@2x.png in Resources */ = {isa = PBXBuildFile; fileRef = 3F8039C1222D72B100A8506B /* left@2x.png */; };
		3F8039C5222D754A00A8506B /* BaseSettingCellAdapter.m in Sources */ = {isa = PBXBuildFile; fileRef = 3F8039C4222D754A00A8506B /* BaseSettingCellAdapter.m */; };
		3F8039C8222D75C000A8506B /* SettingCellAdapter.m in Sources */ = {isa = PBXBuildFile; fileRef = 3F8039C7222D75C000A8506B /* SettingCellAdapter.m */; };
		3F8039CB222D760300A8506B /* SettingModel.m in Sources */ = {isa = PBXBuildFile; fileRef = 3F8039CA222D760300A8506B /* SettingModel.m */; };
		3F8039CE222D77F700A8506B /* SettingViewController.m in Sources */ = {isa = PBXBuildFile; fileRef = 3F8039CD222D77F700A8506B /* SettingViewController.m */; };
		AAB15D0DEF089DD3CEE1591F /* libPods-AdapterPatternDemoUITests.a in Frameworks */ = {isa = PBXBuildFile; fileRef = EB7DED22F970C6601941AD43 /* libPods-AdapterPatternDemoUITests.a */; };
		CA23317DF1799E7EF90804DC /* libPods-AdapterPatternDemo.a in Frameworks */ = {isa = PBXBuildFile; fileRef = 8FD44C54BC15BC44FC076312 /* libPods-AdapterPatternDemo.a */; };
/* End PBXBuildFile section */

/* Begin PBXContainerItemProxy section */
		3F803978222D19BB00A8506B /* PBXContainerItemProxy */ = {
			isa = PBXContainerItemProxy;
			containerPortal = 3F803957222D19BA00A8506B /* Project object */;
			proxyType = 1;
			remoteGlobalIDString = 3F80395E222D19BA00A8506B;
			remoteInfo = AdapterPatternDemo;
		};
		3F803983222D19BB00A8506B /* PBXContainerItemProxy */ = {
			isa = PBXContainerItemProxy;
			containerPortal = 3F803957222D19BA00A8506B /* Project object */;
			proxyType = 1;
			remoteGlobalIDString = 3F80395E222D19BA00A8506B;
			remoteInfo = AdapterPatternDemo;
		};
/* End PBXContainerItemProxy section */

/* Begin PBXFileReference section */
		01F0BAB3557360C1F81A88B5 /* Pods-AdapterPatternDemoTests.debug.xcconfig */ = {isa = PBXFileReference; includeInIndex = 1; lastKnownFileType = text.xcconfig; name = "Pods-AdapterPatternDemoTests.debug.xcconfig"; path = "Target Support Files/Pods-AdapterPatternDemoTests/Pods-AdapterPatternDemoTests.debug.xcconfig"; sourceTree = "<group>"; };
		0383DB2B00455A7616BD0CC7 /* Pods-AdapterPatternDemoTests.release.xcconfig */ = {isa = PBXFileReference; includeInIndex = 1; lastKnownFileType = text.xcconfig; name = "Pods-AdapterPatternDemoTests.release.xcconfig"; path = "Target Support Files/Pods-AdapterPatternDemoTests/Pods-AdapterPatternDemoTests.release.xcconfig"; sourceTree = "<group>"; };
		1DD31125D60827CEC08FE842 /* Pods-AdapterPatternDemo.debug.xcconfig */ = {isa = PBXFileReference; includeInIndex = 1; lastKnownFileType = text.xcconfig; name = "Pods-AdapterPatternDemo.debug.xcconfig"; path = "Target Support Files/Pods-AdapterPatternDemo/Pods-AdapterPatternDemo.debug.xcconfig"; sourceTree = "<group>"; };
		2FE72474F0C4FD5490FBC0DA /* Pods-AdapterPatternDemo.release.xcconfig */ = {isa = PBXFileReference; includeInIndex = 1; lastKnownFileType = text.xcconfig; name = "Pods-AdapterPatternDemo.release.xcconfig"; path = "Target Support Files/Pods-AdapterPatternDemo/Pods-AdapterPatternDemo.release.xcconfig"; sourceTree = "<group>"; };
		3F80395F222D19BA00A8506B /* AdapterPatternDemo.app */ = {isa = PBXFileReference; explicitFileType = wrapper.application; includeInIndex = 0; path = AdapterPatternDemo.app; sourceTree = BUILT_PRODUCTS_DIR; };
		3F803962222D19BA00A8506B /* AppDelegate.h */ = {isa = PBXFileReference; lastKnownFileType = sourcecode.c.h; path = AppDelegate.h; sourceTree = "<group>"; };
		3F803963222D19BA00A8506B /* AppDelegate.m */ = {isa = PBXFileReference; lastKnownFileType = sourcecode.c.objc; path = AppDelegate.m; sourceTree = "<group>"; };
		3F803965222D19BA00A8506B /* ViewController.h */ = {isa = PBXFileReference; lastKnownFileType = sourcecode.c.h; path = ViewController.h; sourceTree = "<group>"; };
		3F803966222D19BA00A8506B /* ViewController.m */ = {isa = PBXFileReference; lastKnownFileType = sourcecode.c.objc; path = ViewController.m; sourceTree = "<group>"; };
		3F803969222D19BA00A8506B /* Base */ = {isa = PBXFileReference; lastKnownFileType = file.storyboard; name = Base; path = Base.lproj/Main.storyboard; sourceTree = "<group>"; };
		3F80396B222D19BB00A8506B /* Assets.xcassets */ = {isa = PBXFileReference; lastKnownFileType = folder.assetcatalog; path = Assets.xcassets; sourceTree = "<group>"; };
		3F80396E222D19BB00A8506B /* Base */ = {isa = PBXFileReference; lastKnownFileType = file.storyboard; name = Base; path = Base.lproj/LaunchScreen.storyboard; sourceTree = "<group>"; };
		3F803970222D19BB00A8506B /* Info.plist */ = {isa = PBXFileReference; lastKnownFileType = text.plist.xml; path = Info.plist; sourceTree = "<group>"; };
		3F803971222D19BB00A8506B /* main.m */ = {isa = PBXFileReference; lastKnownFileType = sourcecode.c.objc; path = main.m; sourceTree = "<group>"; };
		3F803977222D19BB00A8506B /* AdapterPatternDemoTests.xctest */ = {isa = PBXFileReference; explicitFileType = wrapper.cfbundle; includeInIndex = 0; path = AdapterPatternDemoTests.xctest; sourceTree = BUILT_PRODUCTS_DIR; };
		3F80397B222D19BB00A8506B /* AdapterPatternDemoTests.m */ = {isa = PBXFileReference; lastKnownFileType = sourcecode.c.objc; path = AdapterPatternDemoTests.m; sourceTree = "<group>"; };
		3F80397D222D19BB00A8506B /* Info.plist */ = {isa = PBXFileReference; lastKnownFileType = text.plist.xml; path = Info.plist; sourceTree = "<group>"; };
		3F803982222D19BB00A8506B /* AdapterPatternDemoUITests.xctest */ = {isa = PBXFileReference; explicitFileType = wrapper.cfbundle; includeInIndex = 0; path = AdapterPatternDemoUITests.xctest; sourceTree = BUILT_PRODUCTS_DIR; };
		3F803986222D19BB00A8506B /* AdapterPatternDemoUITests.m */ = {isa = PBXFileReference; lastKnownFileType = sourcecode.c.objc; path = AdapterPatternDemoUITests.m; sourceTree = "<group>"; };
		3F803988222D19BB00A8506B /* Info.plist */ = {isa = PBXFileReference; lastKnownFileType = text.plist.xml; path = Info.plist; sourceTree = "<group>"; };
		3F803997222D1DC800A8506B /* VideoPlayerProtocol.h */ = {isa = PBXFileReference; lastKnownFileType = sourcecode.c.h; path = VideoPlayerProtocol.h; sourceTree = "<group>"; };
		3F803998222D1E6A00A8506B /* VideoPlayer.h */ = {isa = PBXFileReference; lastKnownFileType = sourcecode.c.h; path = VideoPlayer.h; sourceTree = "<group>"; };
		3F803999222D1E6A00A8506B /* VideoPlayer.m */ = {isa = PBXFileReference; lastKnownFileType = sourcecode.c.objc; path = VideoPlayer.m; sourceTree = "<group>"; };
		3F80399B222D1F7100A8506B /* IJKMediaPlayer.h */ = {isa = PBXFileReference; lastKnownFileType = sourcecode.c.h; path = IJKMediaPlayer.h; sourceTree = "<group>"; };
		3F80399C222D1F7100A8506B /* IJKMediaPlayer.m */ = {isa = PBXFileReference; lastKnownFileType = sourcecode.c.objc; path = IJKMediaPlayer.m; sourceTree = "<group>"; };
		3F80399E222D207200A8506B /* IJKMediaPlayerClassAdapter.h */ = {isa = PBXFileReference; lastKnownFileType = sourcecode.c.h; path = IJKMediaPlayerClassAdapter.h; sourceTree = "<group>"; };
		3F80399F222D207200A8506B /* IJKMediaPlayerClassAdapter.m */ = {isa = PBXFileReference; lastKnownFileType = sourcecode.c.objc; path = IJKMediaPlayerClassAdapter.m; sourceTree = "<group>"; };
		3F8039A1222D2AE100A8506B /* IJKMediaPlayerObjAdapter.h */ = {isa = PBXFileReference; lastKnownFileType = sourcecode.c.h; path = IJKMediaPlayerObjAdapter.h; sourceTree = "<group>"; };
		3F8039A2222D2AE100A8506B /* IJKMediaPlayerObjAdapter.m */ = {isa = PBXFileReference; lastKnownFileType = sourcecode.c.objc; path = IJKMediaPlayerObjAdapter.m; sourceTree = "<group>"; };
		3F8039A4222D2FE700A8506B /* AudioPlayProtocol.h */ = {isa = PBXFileReference; lastKnownFileType = sourcecode.c.h; path = AudioPlayProtocol.h; sourceTree = "<group>"; };
		3F8039A5222D304500A8506B /* AudioPlayer.h */ = {isa = PBXFileReference; lastKnownFileType = sourcecode.c.h; path = AudioPlayer.h; sourceTree = "<group>"; };
		3F8039A6222D304500A8506B /* AudioPlayer.m */ = {isa = PBXFileReference; lastKnownFileType = sourcecode.c.objc; path = AudioPlayer.m; sourceTree = "<group>"; };
		3F8039A8222D312500A8506B /* VideoPlayerViewController.h */ = {isa = PBXFileReference; lastKnownFileType = sourcecode.c.h; path = VideoPlayerViewController.h; sourceTree = "<group>"; };
		3F8039A9222D312500A8506B /* VideoPlayerViewController.m */ = {isa = PBXFileReference; lastKnownFileType = sourcecode.c.objc; path = VideoPlayerViewController.m; sourceTree = "<group>"; };
		3F8039AB222D352400A8506B /* MultiAudioPlayer.h */ = {isa = PBXFileReference; lastKnownFileType = sourcecode.c.h; path = MultiAudioPlayer.h; sourceTree = "<group>"; };
		3F8039AC222D352400A8506B /* MultiAudioPlayer.m */ = {isa = PBXFileReference; lastKnownFileType = sourcecode.c.objc; path = MultiAudioPlayer.m; sourceTree = "<group>"; };
		3F8039AE222D35F400A8506B /* Mp4AudioPlayer.h */ = {isa = PBXFileReference; lastKnownFileType = sourcecode.c.h; path = Mp4AudioPlayer.h; sourceTree = "<group>"; };
		3F8039AF222D35F400A8506B /* Mp4AudioPlayer.m */ = {isa = PBXFileReference; lastKnownFileType = sourcecode.c.objc; path = Mp4AudioPlayer.m; sourceTree = "<group>"; };
		3F8039B1222D360800A8506B /* VLCAudioPlayer.h */ = {isa = PBXFileReference; lastKnownFileType = sourcecode.c.h; path = VLCAudioPlayer.h; sourceTree = "<group>"; };
		3F8039B2222D360800A8506B /* VLCAudioPlayer.m */ = {isa = PBXFileReference; lastKnownFileType = sourcecode.c.objc; path = VLCAudioPlayer.m; sourceTree = "<group>"; };
		3F8039B4222D364F00A8506B /* ObjMultiAudioPlayerAdapter.h */ = {isa = PBXFileReference; lastKnownFileType = sourcecode.c.h; path = ObjMultiAudioPlayerAdapter.h; sourceTree = "<group>"; };
		3F8039B5222D364F00A8506B /* ObjMultiAudioPlayerAdapter.m */ = {isa = PBXFileReference; lastKnownFileType = sourcecode.c.objc; path = ObjMultiAudioPlayerAdapter.m; sourceTree = "<group>"; };
		3F8039B7222D390E00A8506B /* ClassMultiAudioPlayerAdapter.h */ = {isa = PBXFileReference; lastKnownFileType = sourcecode.c.h; path = ClassMultiAudioPlayerAdapter.h; sourceTree = "<group>"; };
		3F8039B8222D390E00A8506B /* ClassMultiAudioPlayerAdapter.m */ = {isa = PBXFileReference; lastKnownFileType = sourcecode.c.objc; path = ClassMultiAudioPlayerAdapter.m; sourceTree = "<group>"; };
		3F8039BA222D396200A8506B /* MediaViewController.h */ = {isa = PBXFileReference; lastKnownFileType = sourcecode.c.h; path = MediaViewController.h; sourceTree = "<group>"; };
		3F8039BB222D396200A8506B /* MediaViewController.m */ = {isa = PBXFileReference; lastKnownFileType = sourcecode.c.objc; path = MediaViewController.m; sourceTree = "<group>"; };
		3F8039BD222D6F5800A8506B /* SettingCellProtocol.h */ = {isa = PBXFileReference; lastKnownFileType = sourcecode.c.h; path = SettingCellProtocol.h; sourceTree = "<group>"; };
		3F8039BE222D6FC500A8506B /* SettingTableViewCell.h */ = {isa = PBXFileReference; lastKnownFileType = sourcecode.c.h; path = SettingTableViewCell.h; sourceTree = "<group>"; };
		3F8039BF222D6FC500A8506B /* SettingTableViewCell.m */ = {isa = PBXFileReference; lastKnownFileType = sourcecode.c.objc; path = SettingTableViewCell.m; sourceTree = "<group>"; };
		3F8039C1222D72B100A8506B /* left@2x.png */ = {isa = PBXFileReference; lastKnownFileType = image.png; path = "left@2x.png"; sourceTree = "<group>"; };
		3F8039C3222D754A00A8506B /* BaseSettingCellAdapter.h */ = {isa = PBXFileReference; lastKnownFileType = sourcecode.c.h; path = BaseSettingCellAdapter.h; sourceTree = "<group>"; };
		3F8039C4222D754A00A8506B /* BaseSettingCellAdapter.m */ = {isa = PBXFileReference; lastKnownFileType = sourcecode.c.objc; path = BaseSettingCellAdapter.m; sourceTree = "<group>"; };
		3F8039C6222D75C000A8506B /* SettingCellAdapter.h */ = {isa = PBXFileReference; lastKnownFileType = sourcecode.c.h; path = SettingCellAdapter.h; sourceTree = "<group>"; };
		3F8039C7222D75C000A8506B /* SettingCellAdapter.m */ = {isa = PBXFileReference; lastKnownFileType = sourcecode.c.objc; path = SettingCellAdapter.m; sourceTree = "<group>"; };
		3F8039C9222D760300A8506B /* SettingModel.h */ = {isa = PBXFileReference; lastKnownFileType = sourcecode.c.h; path = SettingModel.h; sourceTree = "<group>"; };
		3F8039CA222D760300A8506B /* SettingModel.m */ = {isa = PBXFileReference; lastKnownFileType = sourcecode.c.objc; path = SettingModel.m; sourceTree = "<group>"; };
		3F8039CC222D77F700A8506B /* SettingViewController.h */ = {isa = PBXFileReference; lastKnownFileType = sourcecode.c.h; path = SettingViewController.h; sourceTree = "<group>"; };
		3F8039CD222D77F700A8506B /* SettingViewController.m */ = {isa = PBXFileReference; lastKnownFileType = sourcecode.c.objc; path = SettingViewController.m; sourceTree = "<group>"; };
		8FD44C54BC15BC44FC076312 /* libPods-AdapterPatternDemo.a */ = {isa = PBXFileReference; explicitFileType = archive.ar; includeInIndex = 0; path = "libPods-AdapterPatternDemo.a"; sourceTree = BUILT_PRODUCTS_DIR; };
		933CDADC19817F8CD9EE6572 /* libPods-AdapterPatternDemoTests.a */ = {isa = PBXFileReference; explicitFileType = archive.ar; includeInIndex = 0; path = "libPods-AdapterPatternDemoTests.a"; sourceTree = BUILT_PRODUCTS_DIR; };
		9DDE45C544A9860D7B7E73F9 /* Pods-AdapterPatternDemoUITests.debug.xcconfig */ = {isa = PBXFileReference; includeInIndex = 1; lastKnownFileType = text.xcconfig; name = "Pods-AdapterPatternDemoUITests.debug.xcconfig"; path = "Target Support Files/Pods-AdapterPatternDemoUITests/Pods-AdapterPatternDemoUITests.debug.xcconfig"; sourceTree = "<group>"; };
		EB7DED22F970C6601941AD43 /* libPods-AdapterPatternDemoUITests.a */ = {isa = PBXFileReference; explicitFileType = archive.ar; includeInIndex = 0; path = "libPods-AdapterPatternDemoUITests.a"; sourceTree = BUILT_PRODUCTS_DIR; };
		FD907E2F0086266759D7C8F1 /* Pods-AdapterPatternDemoUITests.release.xcconfig */ = {isa = PBXFileReference; includeInIndex = 1; lastKnownFileType = text.xcconfig; name = "Pods-AdapterPatternDemoUITests.release.xcconfig"; path = "Target Support Files/Pods-AdapterPatternDemoUITests/Pods-AdapterPatternDemoUITests.release.xcconfig"; sourceTree = "<group>"; };
/* End PBXFileReference section */

/* Begin PBXFrameworksBuildPhase section */
		3F80395C222D19BA00A8506B /* Frameworks */ = {
			isa = PBXFrameworksBuildPhase;
			buildActionMask = 2147483647;
			files = (
				CA23317DF1799E7EF90804DC /* libPods-AdapterPatternDemo.a in Frameworks */,
			);
			runOnlyForDeploymentPostprocessing = 0;
		};
		3F803974222D19BB00A8506B /* Frameworks */ = {
			isa = PBXFrameworksBuildPhase;
			buildActionMask = 2147483647;
			files = (
				2C3FAC8406DDC029C3A32FC4 /* libPods-AdapterPatternDemoTests.a in Frameworks */,
			);
			runOnlyForDeploymentPostprocessing = 0;
		};
		3F80397F222D19BB00A8506B /* Frameworks */ = {
			isa = PBXFrameworksBuildPhase;
			buildActionMask = 2147483647;
			files = (
				AAB15D0DEF089DD3CEE1591F /* libPods-AdapterPatternDemoUITests.a in Frameworks */,
			);
			runOnlyForDeploymentPostprocessing = 0;
		};
/* End PBXFrameworksBuildPhase section */

/* Begin PBXGroup section */
		3F803956222D19BA00A8506B = {
			isa = PBXGroup;
			children = (
				3F803961222D19BA00A8506B /* AdapterPatternDemo */,
				3F80397A222D19BB00A8506B /* AdapterPatternDemoTests */,
				3F803985222D19BB00A8506B /* AdapterPatternDemoUITests */,
				3F803960222D19BA00A8506B /* Products */,
				62B79E4EF9D889DB9288C334 /* Pods */,
				F283C79FF6A117FCF67D3E5D /* Frameworks */,
			);
			sourceTree = "<group>";
		};
		3F803960222D19BA00A8506B /* Products */ = {
			isa = PBXGroup;
			children = (
				3F80395F222D19BA00A8506B /* AdapterPatternDemo.app */,
				3F803977222D19BB00A8506B /* AdapterPatternDemoTests.xctest */,
				3F803982222D19BB00A8506B /* AdapterPatternDemoUITests.xctest */,
			);
			name = Products;
			sourceTree = "<group>";
		};
		3F803961222D19BA00A8506B /* AdapterPatternDemo */ = {
			isa = PBXGroup;
			children = (
				3F803995222D1D4300A8506B /* AdapterMediaPlayer */,
				3F803996222D1D4300A8506B /* AdapterSetting */,
				3F803994222D1D4300A8506B /* AdapterVideoPlayer */,
				3F803962222D19BA00A8506B /* AppDelegate.h */,
				3F803963222D19BA00A8506B /* AppDelegate.m */,
				3F803965222D19BA00A8506B /* ViewController.h */,
				3F803966222D19BA00A8506B /* ViewController.m */,
				3F803968222D19BA00A8506B /* Main.storyboard */,
				3F80396B222D19BB00A8506B /* Assets.xcassets */,
				3F80396D222D19BB00A8506B /* LaunchScreen.storyboard */,
				3F803970222D19BB00A8506B /* Info.plist */,
				3F803971222D19BB00A8506B /* main.m */,
			);
			path = AdapterPatternDemo;
			sourceTree = "<group>";
		};
		3F80397A222D19BB00A8506B /* AdapterPatternDemoTests */ = {
			isa = PBXGroup;
			children = (
				3F80397B222D19BB00A8506B /* AdapterPatternDemoTests.m */,
				3F80397D222D19BB00A8506B /* Info.plist */,
			);
			path = AdapterPatternDemoTests;
			sourceTree = "<group>";
		};
		3F803985222D19BB00A8506B /* AdapterPatternDemoUITests */ = {
			isa = PBXGroup;
			children = (
				3F803986222D19BB00A8506B /* AdapterPatternDemoUITests.m */,
				3F803988222D19BB00A8506B /* Info.plist */,
			);
			path = AdapterPatternDemoUITests;
			sourceTree = "<group>";
		};
		3F803994222D1D4300A8506B /* AdapterVideoPlayer */ = {
			isa = PBXGroup;
			children = (
				3F803997222D1DC800A8506B /* VideoPlayerProtocol.h */,
				3F803998222D1E6A00A8506B /* VideoPlayer.h */,
				3F803999222D1E6A00A8506B /* VideoPlayer.m */,
				3F80399B222D1F7100A8506B /* IJKMediaPlayer.h */,
				3F80399C222D1F7100A8506B /* IJKMediaPlayer.m */,
				3F80399E222D207200A8506B /* IJKMediaPlayerClassAdapter.h */,
				3F80399F222D207200A8506B /* IJKMediaPlayerClassAdapter.m */,
				3F8039A1222D2AE100A8506B /* IJKMediaPlayerObjAdapter.h */,
				3F8039A2222D2AE100A8506B /* IJKMediaPlayerObjAdapter.m */,
				3F8039A8222D312500A8506B /* VideoPlayerViewController.h */,
				3F8039A9222D312500A8506B /* VideoPlayerViewController.m */,
			);
			path = AdapterVideoPlayer;
			sourceTree = "<group>";
		};
		3F803995222D1D4300A8506B /* AdapterMediaPlayer */ = {
			isa = PBXGroup;
			children = (
				3F8039A4222D2FE700A8506B /* AudioPlayProtocol.h */,
				3F8039A5222D304500A8506B /* AudioPlayer.h */,
				3F8039A6222D304500A8506B /* AudioPlayer.m */,
				3F8039AB222D352400A8506B /* MultiAudioPlayer.h */,
				3F8039AC222D352400A8506B /* MultiAudioPlayer.m */,
				3F8039AE222D35F400A8506B /* Mp4AudioPlayer.h */,
				3F8039AF222D35F400A8506B /* Mp4AudioPlayer.m */,
				3F8039B1222D360800A8506B /* VLCAudioPlayer.h */,
				3F8039B2222D360800A8506B /* VLCAudioPlayer.m */,
				3F8039B4222D364F00A8506B /* ObjMultiAudioPlayerAdapter.h */,
				3F8039B5222D364F00A8506B /* ObjMultiAudioPlayerAdapter.m */,
				3F8039B7222D390E00A8506B /* ClassMultiAudioPlayerAdapter.h */,
				3F8039B8222D390E00A8506B /* ClassMultiAudioPlayerAdapter.m */,
				3F8039BA222D396200A8506B /* MediaViewController.h */,
				3F8039BB222D396200A8506B /* MediaViewController.m */,
			);
			path = AdapterMediaPlayer;
			sourceTree = "<group>";
		};
		3F803996222D1D4300A8506B /* AdapterSetting */ = {
			isa = PBXGroup;
			children = (
				3F8039C1222D72B100A8506B /* left@2x.png */,
				3F8039BD222D6F5800A8506B /* SettingCellProtocol.h */,
				3F8039BE222D6FC500A8506B /* SettingTableViewCell.h */,
				3F8039BF222D6FC500A8506B /* SettingTableViewCell.m */,
				3F8039C3222D754A00A8506B /* BaseSettingCellAdapter.h */,
				3F8039C4222D754A00A8506B /* BaseSettingCellAdapter.m */,
				3F8039C6222D75C000A8506B /* SettingCellAdapter.h */,
				3F8039C7222D75C000A8506B /* SettingCellAdapter.m */,
				3F8039C9222D760300A8506B /* SettingModel.h */,
				3F8039CA222D760300A8506B /* SettingModel.m */,
				3F8039CC222D77F700A8506B /* SettingViewController.h */,
				3F8039CD222D77F700A8506B /* SettingViewController.m */,
			);
			path = AdapterSetting;
			sourceTree = "<group>";
		};
		62B79E4EF9D889DB9288C334 /* Pods */ = {
			isa = PBXGroup;
			children = (
				1DD31125D60827CEC08FE842 /* Pods-AdapterPatternDemo.debug.xcconfig */,
				2FE72474F0C4FD5490FBC0DA /* Pods-AdapterPatternDemo.release.xcconfig */,
				01F0BAB3557360C1F81A88B5 /* Pods-AdapterPatternDemoTests.debug.xcconfig */,
				0383DB2B00455A7616BD0CC7 /* Pods-AdapterPatternDemoTests.release.xcconfig */,
				9DDE45C544A9860D7B7E73F9 /* Pods-AdapterPatternDemoUITests.debug.xcconfig */,
				FD907E2F0086266759D7C8F1 /* Pods-AdapterPatternDemoUITests.release.xcconfig */,
			);
			path = Pods;
			sourceTree = "<group>";
		};
		F283C79FF6A117FCF67D3E5D /* Frameworks */ = {
			isa = PBXGroup;
			children = (
				8FD44C54BC15BC44FC076312 /* libPods-AdapterPatternDemo.a */,
				933CDADC19817F8CD9EE6572 /* libPods-AdapterPatternDemoTests.a */,
				EB7DED22F970C6601941AD43 /* libPods-AdapterPatternDemoUITests.a */,
			);
			name = Frameworks;
			sourceTree = "<group>";
		};
/* End PBXGroup section */

/* Begin PBXNativeTarget section */
		3F80395E222D19BA00A8506B /* AdapterPatternDemo */ = {
			isa = PBXNativeTarget;
			buildConfigurationList = 3F80398B222D19BB00A8506B /* Build configuration list for PBXNativeTarget "AdapterPatternDemo" */;
			buildPhases = (
				03A889AB06A34B4B756AEEAA /* [CP] Check Pods Manifest.lock */,
				3F80395B222D19BA00A8506B /* Sources */,
				3F80395C222D19BA00A8506B /* Frameworks */,
				3F80395D222D19BA00A8506B /* Resources */,
			);
			buildRules = (
			);
			dependencies = (
			);
			name = AdapterPatternDemo;
			productName = AdapterPatternDemo;
			productReference = 3F80395F222D19BA00A8506B /* AdapterPatternDemo.app */;
			productType = "com.apple.product-type.application";
		};
		3F803976222D19BB00A8506B /* AdapterPatternDemoTests */ = {
			isa = PBXNativeTarget;
			buildConfigurationList = 3F80398E222D19BB00A8506B /* Build configuration list for PBXNativeTarget "AdapterPatternDemoTests" */;
			buildPhases = (
				1CE8145F09D2ABCAD876128D /* [CP] Check Pods Manifest.lock */,
				3F803973222D19BB00A8506B /* Sources */,
				3F803974222D19BB00A8506B /* Frameworks */,
				3F803975222D19BB00A8506B /* Resources */,
			);
			buildRules = (
			);
			dependencies = (
				3F803979222D19BB00A8506B /* PBXTargetDependency */,
			);
			name = AdapterPatternDemoTests;
			productName = AdapterPatternDemoTests;
			productReference = 3F803977222D19BB00A8506B /* AdapterPatternDemoTests.xctest */;
			productType = "com.apple.product-type.bundle.unit-test";
		};
		3F803981222D19BB00A8506B /* AdapterPatternDemoUITests */ = {
			isa = PBXNativeTarget;
			buildConfigurationList = 3F803991222D19BB00A8506B /* Build configuration list for PBXNativeTarget "AdapterPatternDemoUITests" */;
			buildPhases = (
				0551127861B98B8D2076E534 /* [CP] Check Pods Manifest.lock */,
				3F80397E222D19BB00A8506B /* Sources */,
				3F80397F222D19BB00A8506B /* Frameworks */,
				3F803980222D19BB00A8506B /* Resources */,
			);
			buildRules = (
			);
			dependencies = (
				3F803984222D19BB00A8506B /* PBXTargetDependency */,
			);
			name = AdapterPatternDemoUITests;
			productName = AdapterPatternDemoUITests;
			productReference = 3F803982222D19BB00A8506B /* AdapterPatternDemoUITests.xctest */;
			productType = "com.apple.product-type.bundle.ui-testing";
		};
/* End PBXNativeTarget section */

/* Begin PBXProject section */
		3F803957222D19BA00A8506B /* Project object */ = {
			isa = PBXProject;
			attributes = {
				LastUpgradeCheck = 1010;
				ORGANIZATIONNAME = rockonterol;
				TargetAttributes = {
					3F80395E222D19BA00A8506B = {
						CreatedOnToolsVersion = 10.1;
					};
					3F803976222D19BB00A8506B = {
						CreatedOnToolsVersion = 10.1;
						TestTargetID = 3F80395E222D19BA00A8506B;
					};
					3F803981222D19BB00A8506B = {
						CreatedOnToolsVersion = 10.1;
						TestTargetID = 3F80395E222D19BA00A8506B;
					};
				};
			};
			buildConfigurationList = 3F80395A222D19BA00A8506B /* Build configuration list for PBXProject "AdapterPatternDemo" */;
			compatibilityVersion = "Xcode 9.3";
			developmentRegion = en;
			hasScannedForEncodings = 0;
			knownRegions = (
				en,
				Base,
			);
			mainGroup = 3F803956222D19BA00A8506B;
			productRefGroup = 3F803960222D19BA00A8506B /* Products */;
			projectDirPath = "";
			projectRoot = "";
			targets = (
				3F80395E222D19BA00A8506B /* AdapterPatternDemo */,
				3F803976222D19BB00A8506B /* AdapterPatternDemoTests */,
				3F803981222D19BB00A8506B /* AdapterPatternDemoUITests */,
			);
		};
/* End PBXProject section */

/* Begin PBXResourcesBuildPhase section */
		3F80395D222D19BA00A8506B /* Resources */ = {
			isa = PBXResourcesBuildPhase;
			buildActionMask = 2147483647;
			files = (
				3F80396F222D19BB00A8506B /* LaunchScreen.storyboard in Resources */,
				3F80396C222D19BB00A8506B /* Assets.xcassets in Resources */,
				3F80396A222D19BA00A8506B /* Main.storyboard in Resources */,
				3F8039C2222D72B100A8506B /* left@2x.png in Resources */,
			);
			runOnlyForDeploymentPostprocessing = 0;
		};
		3F803975222D19BB00A8506B /* Resources */ = {
			isa = PBXResourcesBuildPhase;
			buildActionMask = 2147483647;
			files = (
			);
			runOnlyForDeploymentPostprocessing = 0;
		};
		3F803980222D19BB00A8506B /* Resources */ = {
			isa = PBXResourcesBuildPhase;
			buildActionMask = 2147483647;
			files = (
			);
			runOnlyForDeploymentPostprocessing = 0;
		};
/* End PBXResourcesBuildPhase section */

/* Begin PBXShellScriptBuildPhase section */
		03A889AB06A34B4B756AEEAA /* [CP] Check Pods Manifest.lock */ = {
			isa = PBXShellScriptBuildPhase;
			buildActionMask = 2147483647;
			files = (
			);
			inputFileListPaths = (
			);
			inputPaths = (
				"${PODS_PODFILE_DIR_PATH}/Podfile.lock",
				"${PODS_ROOT}/Manifest.lock",
			);
			name = "[CP] Check Pods Manifest.lock";
			outputFileListPaths = (
			);
			outputPaths = (
				"$(DERIVED_FILE_DIR)/Pods-AdapterPatternDemo-checkManifestLockResult.txt",
			);
			runOnlyForDeploymentPostprocessing = 0;
			shellPath = /bin/sh;
			shellScript = "diff \"${PODS_PODFILE_DIR_PATH}/Podfile.lock\" \"${PODS_ROOT}/Manifest.lock\" > /dev/null\nif [ $? != 0 ] ; then\n    # print error to STDERR\n    echo \"error: The sandbox is not in sync with the Podfile.lock. Run 'pod install' or update your CocoaPods installation.\" >&2\n    exit 1\nfi\n# This output is used by Xcode 'outputs' to avoid re-running this script phase.\necho \"SUCCESS\" > \"${SCRIPT_OUTPUT_FILE_0}\"\n";
			showEnvVarsInLog = 0;
		};
		0551127861B98B8D2076E534 /* [CP] Check Pods Manifest.lock */ = {
			isa = PBXShellScriptBuildPhase;
			buildActionMask = 2147483647;
			files = (
			);
			inputFileListPaths = (
			);
			inputPaths = (
				"${PODS_PODFILE_DIR_PATH}/Podfile.lock",
				"${PODS_ROOT}/Manifest.lock",
			);
			name = "[CP] Check Pods Manifest.lock";
			outputFileListPaths = (
			);
			outputPaths = (
				"$(DERIVED_FILE_DIR)/Pods-AdapterPatternDemoUITests-checkManifestLockResult.txt",
			);
			runOnlyForDeploymentPostprocessing = 0;
			shellPath = /bin/sh;
			shellScript = "diff \"${PODS_PODFILE_DIR_PATH}/Podfile.lock\" \"${PODS_ROOT}/Manifest.lock\" > /dev/null\nif [ $? != 0 ] ; then\n    # print error to STDERR\n    echo \"error: The sandbox is not in sync with the Podfile.lock. Run 'pod install' or update your CocoaPods installation.\" >&2\n    exit 1\nfi\n# This output is used by Xcode 'outputs' to avoid re-running this script phase.\necho \"SUCCESS\" > \"${SCRIPT_OUTPUT_FILE_0}\"\n";
			showEnvVarsInLog = 0;
		};
		1CE8145F09D2ABCAD876128D /* [CP] Check Pods Manifest.lock */ = {
			isa = PBXShellScriptBuildPhase;
			buildActionMask = 2147483647;
			files = (
			);
			inputFileListPaths = (
			);
			inputPaths = (
				"${PODS_PODFILE_DIR_PATH}/Podfile.lock",
				"${PODS_ROOT}/Manifest.lock",
			);
			name = "[CP] Check Pods Manifest.lock";
			outputFileListPaths = (
			);
			outputPaths = (
				"$(DERIVED_FILE_DIR)/Pods-AdapterPatternDemoTests-checkManifestLockResult.txt",
			);
			runOnlyForDeploymentPostprocessing = 0;
			shellPath = /bin/sh;
			shellScript = "diff \"${PODS_PODFILE_DIR_PATH}/Podfile.lock\" \"${PODS_ROOT}/Manifest.lock\" > /dev/null\nif [ $? != 0 ] ; then\n    # print error to STDERR\n    echo \"error: The sandbox is not in sync with the Podfile.lock. Run 'pod install' or update your CocoaPods installation.\" >&2\n    exit 1\nfi\n# This output is used by Xcode 'outputs' to avoid re-running this script phase.\necho \"SUCCESS\" > \"${SCRIPT_OUTPUT_FILE_0}\"\n";
			showEnvVarsInLog = 0;
		};
/* End PBXShellScriptBuildPhase section */

/* Begin PBXSourcesBuildPhase section */
		3F80395B222D19BA00A8506B /* Sources */ = {
			isa = PBXSourcesBuildPhase;
			buildActionMask = 2147483647;
			files = (
				3F8039A0222D207200A8506B /* IJKMediaPlayerClassAdapter.m in Sources */,
				3F80399A222D1E6A00A8506B /* VideoPlayer.m in Sources */,
				3F8039C0222D6FC500A8506B /* SettingTableViewCell.m in Sources */,
				3F8039B0222D35F400A8506B /* Mp4AudioPlayer.m in Sources */,
				3F803967222D19BA00A8506B /* ViewController.m in Sources */,
				3F8039BC222D396200A8506B /* MediaViewController.m in Sources */,
				3F8039C5222D754A00A8506B /* BaseSettingCellAdapter.m in Sources */,
				3F80399D222D1F7100A8506B /* IJKMediaPlayer.m in Sources */,
				3F803972222D19BB00A8506B /* main.m in Sources */,
				3F8039B9222D390E00A8506B /* ClassMultiAudioPlayerAdapter.m in Sources */,
				3F8039AD222D352400A8506B /* MultiAudioPlayer.m in Sources */,
				3F8039B6222D364F00A8506B /* ObjMultiAudioPlayerAdapter.m in Sources */,
				3F8039C8222D75C000A8506B /* SettingCellAdapter.m in Sources */,
				3F8039CB222D760300A8506B /* SettingModel.m in Sources */,
				3F803964222D19BA00A8506B /* AppDelegate.m in Sources */,
				3F8039AA222D312500A8506B /* VideoPlayerViewController.m in Sources */,
				3F8039A3222D2AE100A8506B /* IJKMediaPlayerObjAdapter.m in Sources */,
				3F8039A7222D304500A8506B /* AudioPlayer.m in Sources */,
				3F8039B3222D360800A8506B /* VLCAudioPlayer.m in Sources */,
				3F8039CE222D77F700A8506B /* SettingViewController.m in Sources */,
			);
			runOnlyForDeploymentPostprocessing = 0;
		};
		3F803973222D19BB00A8506B /* Sources */ = {
			isa = PBXSourcesBuildPhase;
			buildActionMask = 2147483647;
			files = (
				3F80397C222D19BB00A8506B /* AdapterPatternDemoTests.m in Sources */,
			);
			runOnlyForDeploymentPostprocessing = 0;
		};
		3F80397E222D19BB00A8506B /* Sources */ = {
			isa = PBXSourcesBuildPhase;
			buildActionMask = 2147483647;
			files = (
				3F803987222D19BB00A8506B /* AdapterPatternDemoUITests.m in Sources */,
			);
			runOnlyForDeploymentPostprocessing = 0;
		};
/* End PBXSourcesBuildPhase section */

/* Begin PBXTargetDependency section */
		3F803979222D19BB00A8506B /* PBXTargetDependency */ = {
			isa = PBXTargetDependency;
			target = 3F80395E222D19BA00A8506B /* AdapterPatternDemo */;
			targetProxy = 3F803978222D19BB00A8506B /* PBXContainerItemProxy */;
		};
		3F803984222D19BB00A8506B /* PBXTargetDependency */ = {
			isa = PBXTargetDependency;
			target = 3F80395E222D19BA00A8506B /* AdapterPatternDemo */;
			targetProxy = 3F803983222D19BB00A8506B /* PBXContainerItemProxy */;
		};
/* End PBXTargetDependency section */

/* Begin PBXVariantGroup section */
		3F803968222D19BA00A8506B /* Main.storyboard */ = {
			isa = PBXVariantGroup;
			children = (
				3F803969222D19BA00A8506B /* Base */,
			);
			name = Main.storyboard;
			sourceTree = "<group>";
		};
		3F80396D222D19BB00A8506B /* LaunchScreen.storyboard */ = {
			isa = PBXVariantGroup;
			children = (
				3F80396E222D19BB00A8506B /* Base */,
			);
			name = LaunchScreen.storyboard;
			sourceTree = "<group>";
		};
/* End PBXVariantGroup section */

/* Begin XCBuildConfiguration section */
		3F803989222D19BB00A8506B /* Debug */ = {
			isa = XCBuildConfiguration;
			buildSettings = {
				ALWAYS_SEARCH_USER_PATHS = NO;
				CLANG_ANALYZER_NONNULL = YES;
				CLANG_ANALYZER_NUMBER_OBJECT_CONVERSION = YES_AGGRESSIVE;
				CLANG_CXX_LANGUAGE_STANDARD = "gnu++14";
				CLANG_CXX_LIBRARY = "libc++";
				CLANG_ENABLE_MODULES = YES;
				CLANG_ENABLE_OBJC_ARC = YES;
				CLANG_ENABLE_OBJC_WEAK = YES;
				CLANG_WARN_BLOCK_CAPTURE_AUTORELEASING = YES;
				CLANG_WARN_BOOL_CONVERSION = YES;
				CLANG_WARN_COMMA = YES;
				CLANG_WARN_CONSTANT_CONVERSION = YES;
				CLANG_WARN_DEPRECATED_OBJC_IMPLEMENTATIONS = YES;
				CLANG_WARN_DIRECT_OBJC_ISA_USAGE = YES_ERROR;
				CLANG_WARN_DOCUMENTATION_COMMENTS = YES;
				CLANG_WARN_EMPTY_BODY = YES;
				CLANG_WARN_ENUM_CONVERSION = YES;
				CLANG_WARN_INFINITE_RECURSION = YES;
				CLANG_WARN_INT_CONVERSION = YES;
				CLANG_WARN_NON_LITERAL_NULL_CONVERSION = YES;
				CLANG_WARN_OBJC_IMPLICIT_RETAIN_SELF = YES;
				CLANG_WARN_OBJC_LITERAL_CONVERSION = YES;
				CLANG_WARN_OBJC_ROOT_CLASS = YES_ERROR;
				CLANG_WARN_RANGE_LOOP_ANALYSIS = YES;
				CLANG_WARN_STRICT_PROTOTYPES = YES;
				CLANG_WARN_SUSPICIOUS_MOVE = YES;
				CLANG_WARN_UNGUARDED_AVAILABILITY = YES_AGGRESSIVE;
				CLANG_WARN_UNREACHABLE_CODE = YES;
				CLANG_WARN__DUPLICATE_METHOD_MATCH = YES;
				CODE_SIGN_IDENTITY = "iPhone Developer";
				COPY_PHASE_STRIP = NO;
				DEBUG_INFORMATION_FORMAT = dwarf;
				ENABLE_STRICT_OBJC_MSGSEND = YES;
				ENABLE_TESTABILITY = YES;
				GCC_C_LANGUAGE_STANDARD = gnu11;
				GCC_DYNAMIC_NO_PIC = NO;
				GCC_NO_COMMON_BLOCKS = YES;
				GCC_OPTIMIZATION_LEVEL = 0;
				GCC_PREPROCESSOR_DEFINITIONS = (
					"DEBUG=1",
					"$(inherited)",
				);
				GCC_WARN_64_TO_32_BIT_CONVERSION = YES;
				GCC_WARN_ABOUT_RETURN_TYPE = YES_ERROR;
				GCC_WARN_UNDECLARED_SELECTOR = YES;
				GCC_WARN_UNINITIALIZED_AUTOS = YES_AGGRESSIVE;
				GCC_WARN_UNUSED_FUNCTION = YES;
				GCC_WARN_UNUSED_VARIABLE = YES;
				IPHONEOS_DEPLOYMENT_TARGET = 12.1;
				MTL_ENABLE_DEBUG_INFO = INCLUDE_SOURCE;
				MTL_FAST_MATH = YES;
				ONLY_ACTIVE_ARCH = YES;
				SDKROOT = iphoneos;
			};
			name = Debug;
		};
		3F80398A222D19BB00A8506B /* Release */ = {
			isa = XCBuildConfiguration;
			buildSettings = {
				ALWAYS_SEARCH_USER_PATHS = NO;
				CLANG_ANALYZER_NONNULL = YES;
				CLANG_ANALYZER_NUMBER_OBJECT_CONVERSION = YES_AGGRESSIVE;
				CLANG_CXX_LANGUAGE_STANDARD = "gnu++14";
				CLANG_CXX_LIBRARY = "libc++";
				CLANG_ENABLE_MODULES = YES;
				CLANG_ENABLE_OBJC_ARC = YES;
				CLANG_ENABLE_OBJC_WEAK = YES;
				CLANG_WARN_BLOCK_CAPTURE_AUTORELEASING = YES;
				CLANG_WARN_BOOL_CONVERSION = YES;
				CLANG_WARN_COMMA = YES;
				CLANG_WARN_CONSTANT_CONVERSION = YES;
				CLANG_WARN_DEPRECATED_OBJC_IMPLEMENTATIONS = YES;
				CLANG_WARN_DIRECT_OBJC_ISA_USAGE = YES_ERROR;
				CLANG_WARN_DOCUMENTATION_COMMENTS = YES;
				CLANG_WARN_EMPTY_BODY = YES;
				CLANG_WARN_ENUM_CONVERSION = YES;
				CLANG_WARN_INFINITE_RECURSION = YES;
				CLANG_WARN_INT_CONVERSION = YES;
				CLANG_WARN_NON_LITERAL_NULL_CONVERSION = YES;
				CLANG_WARN_OBJC_IMPLICIT_RETAIN_SELF = YES;
				CLANG_WARN_OBJC_LITERAL_CONVERSION = YES;
				CLANG_WARN_OBJC_ROOT_CLASS = YES_ERROR;
				CLANG_WARN_RANGE_LOOP_ANALYSIS = YES;
				CLANG_WARN_STRICT_PROTOTYPES = YES;
				CLANG_WARN_SUSPICIOUS_MOVE = YES;
				CLANG_WARN_UNGUARDED_AVAILABILITY = YES_AGGRESSIVE;
				CLANG_WARN_UNREACHABLE_CODE = YES;
				CLANG_WARN__DUPLICATE_METHOD_MATCH = YES;
				CODE_SIGN_IDENTITY = "iPhone Developer";
				COPY_PHASE_STRIP = NO;
				DEBUG_INFORMATION_FORMAT = "dwarf-with-dsym";
				ENABLE_NS_ASSERTIONS = NO;
				ENABLE_STRICT_OBJC_MSGSEND = YES;
				GCC_C_LANGUAGE_STANDARD = gnu11;
				GCC_NO_COMMON_BLOCKS = YES;
				GCC_WARN_64_TO_32_BIT_CONVERSION = YES;
				GCC_WARN_ABOUT_RETURN_TYPE = YES_ERROR;
				GCC_WARN_UNDECLARED_SELECTOR = YES;
				GCC_WARN_UNINITIALIZED_AUTOS = YES_AGGRESSIVE;
				GCC_WARN_UNUSED_FUNCTION = YES;
				GCC_WARN_UNUSED_VARIABLE = YES;
				IPHONEOS_DEPLOYMENT_TARGET = 12.1;
				MTL_ENABLE_DEBUG_INFO = NO;
				MTL_FAST_MATH = YES;
				SDKROOT = iphoneos;
				VALIDATE_PRODUCT = YES;
			};
			name = Release;
		};
		3F80398C222D19BB00A8506B /* Debug */ = {
			isa = XCBuildConfiguration;
			baseConfigurationReference = 1DD31125D60827CEC08FE842 /* Pods-AdapterPatternDemo.debug.xcconfig */;
			buildSettings = {
				ASSETCATALOG_COMPILER_APPICON_NAME = AppIcon;
				CODE_SIGN_STYLE = Manual;
				DEVELOPMENT_TEAM = "";
				INFOPLIST_FILE = AdapterPatternDemo/Info.plist;
				LD_RUNPATH_SEARCH_PATHS = (
					"$(inherited)",
					"@executable_path/Frameworks",
				);
				PRODUCT_BUNDLE_IDENTIFIER = com.AdapterPatternDemo;
				PRODUCT_NAME = "$(TARGET_NAME)";
				PROVISIONING_PROFILE_SPECIFIER = "";
				TARGETED_DEVICE_FAMILY = "1,2";
			};
			name = Debug;
		};
		3F80398D222D19BB00A8506B /* Release */ = {
			isa = XCBuildConfiguration;
			baseConfigurationReference = 2FE72474F0C4FD5490FBC0DA /* Pods-AdapterPatternDemo.release.xcconfig */;
			buildSettings = {
				ASSETCATALOG_COMPILER_APPICON_NAME = AppIcon;
				CODE_SIGN_STYLE = Manual;
				DEVELOPMENT_TEAM = "";
				INFOPLIST_FILE = AdapterPatternDemo/Info.plist;
				LD_RUNPATH_SEARCH_PATHS = (
					"$(inherited)",
					"@executable_path/Frameworks",
				);
				PRODUCT_BUNDLE_IDENTIFIER = com.AdapterPatternDemo;
				PRODUCT_NAME = "$(TARGET_NAME)";
				PROVISIONING_PROFILE_SPECIFIER = "";
				TARGETED_DEVICE_FAMILY = "1,2";
			};
			name = Release;
		};
		3F80398F222D19BB00A8506B /* Debug */ = {
			isa = XCBuildConfiguration;
			baseConfigurationReference = 01F0BAB3557360C1F81A88B5 /* Pods-AdapterPatternDemoTests.debug.xcconfig */;
			buildSettings = {
				BUNDLE_LOADER = "$(TEST_HOST)";
				CODE_SIGN_STYLE = Automatic;
				INFOPLIST_FILE = AdapterPatternDemoTests/Info.plist;
				LD_RUNPATH_SEARCH_PATHS = (
					"$(inherited)",
					"@executable_path/Frameworks",
					"@loader_path/Frameworks",
				);
				PRODUCT_BUNDLE_IDENTIFIER = com.AdapterPatternDemoTests;
				PRODUCT_NAME = "$(TARGET_NAME)";
				TARGETED_DEVICE_FAMILY = "1,2";
				TEST_HOST = "$(BUILT_PRODUCTS_DIR)/AdapterPatternDemo.app/AdapterPatternDemo";
			};
			name = Debug;
		};
		3F803990222D19BB00A8506B /* Release */ = {
			isa = XCBuildConfiguration;
			baseConfigurationReference = 0383DB2B00455A7616BD0CC7 /* Pods-AdapterPatternDemoTests.release.xcconfig */;
			buildSettings = {
				BUNDLE_LOADER = "$(TEST_HOST)";
				CODE_SIGN_STYLE = Automatic;
				INFOPLIST_FILE = AdapterPatternDemoTests/Info.plist;
				LD_RUNPATH_SEARCH_PATHS = (
					"$(inherited)",
					"@executable_path/Frameworks",
					"@loader_path/Frameworks",
				);
				PRODUCT_BUNDLE_IDENTIFIER = com.AdapterPatternDemoTests;
				PRODUCT_NAME = "$(TARGET_NAME)";
				TARGETED_DEVICE_FAMILY = "1,2";
				TEST_HOST = "$(BUILT_PRODUCTS_DIR)/AdapterPatternDemo.app/AdapterPatternDemo";
			};
			name = Release;
		};
		3F803992222D19BB00A8506B /* Debug */ = {
			isa = XCBuildConfiguration;
			baseConfigurationReference = 9DDE45C544A9860D7B7E73F9 /* Pods-AdapterPatternDemoUITests.debug.xcconfig */;
			buildSettings = {
				CODE_SIGN_STYLE = Automatic;
				INFOPLIST_FILE = AdapterPatternDemoUITests/Info.plist;
				LD_RUNPATH_SEARCH_PATHS = (
					"$(inherited)",
					"@executable_path/Frameworks",
					"@loader_path/Frameworks",
				);
				PRODUCT_BUNDLE_IDENTIFIER = com.AdapterPatternDemoUITests;
				PRODUCT_NAME = "$(TARGET_NAME)";
				TARGETED_DEVICE_FAMILY = "1,2";
				TEST_TARGET_NAME = AdapterPatternDemo;
			};
			name = Debug;
		};
		3F803993222D19BB00A8506B /* Release */ = {
			isa = XCBuildConfiguration;
			baseConfigurationReference = FD907E2F0086266759D7C8F1 /* Pods-AdapterPatternDemoUITests.release.xcconfig */;
			buildSettings = {
				CODE_SIGN_STYLE = Automatic;
				INFOPLIST_FILE = AdapterPatternDemoUITests/Info.plist;
				LD_RUNPATH_SEARCH_PATHS = (
					"$(inherited)",
					"@executable_path/Frameworks",
					"@loader_path/Frameworks",
				);
				PRODUCT_BUNDLE_IDENTIFIER = com.AdapterPatternDemoUITests;
				PRODUCT_NAME = "$(TARGET_NAME)";
				TARGETED_DEVICE_FAMILY = "1,2";
				TEST_TARGET_NAME = AdapterPatternDemo;
			};
			name = Release;
		};
/* End XCBuildConfiguration section */

/* Begin XCConfigurationList section */
		3F80395A222D19BA00A8506B /* Build configuration list for PBXProject "AdapterPatternDemo" */ = {
			isa = XCConfigurationList;
			buildConfigurations = (
				3F803989222D19BB00A8506B /* Debug */,
				3F80398A222D19BB00A8506B /* Release */,
			);
			defaultConfigurationIsVisible = 0;
			defaultConfigurationName = Release;
		};
		3F80398B222D19BB00A8506B /* Build configuration list for PBXNativeTarget "AdapterPatternDemo" */ = {
			isa = XCConfigurationList;
			buildConfigurations = (
				3F80398C222D19BB00A8506B /* Debug */,
				3F80398D222D19BB00A8506B /* Release */,
			);
			defaultConfigurationIsVisible = 0;
			defaultConfigurationName = Release;
		};
		3F80398E222D19BB00A8506B /* Build configuration list for PBXNativeTarget "AdapterPatternDemoTests" */ = {
			isa = XCConfigurationList;
			buildConfigurations = (
				3F80398F222D19BB00A8506B /* Debug */,
				3F803990222D19BB00A8506B /* Release */,
			);
			defaultConfigurationIsVisible = 0;
			defaultConfigurationName = Release;
		};
		3F803991222D19BB00A8506B /* Build configuration list for PBXNativeTarget "AdapterPatternDemoUITests" */ = {
			isa = XCConfigurationList;
			buildConfigurations = (
				3F803992222D19BB00A8506B /* Debug */,
				3F803993222D19BB00A8506B /* Release */,
			);
			defaultConfigurationIsVisible = 0;
			defaultConfigurationName = Release;
		};
/* End XCConfigurationList section */
	};
	rootObject = 3F803957222D19BA00A8506B /* Project object */;
}
